{
  "version": 4,
  "terraform_version": "1.1.3",
  "serial": 386,
  "lineage": "5b95aca5-6777-5b2d-2cf3-cc42120b5240",
  "outputs": {
    "database_address": {
      "value": "test-db.c5iefltkocjr.us-east-1.rds.amazonaws.com",
      "type": "string"
    },
    "database_name": {
      "value": "testdb",
      "type": "string"
    },
    "database_password": {
      "value": "NieXoo4Ae*ke",
      "type": "string"
    },
    "database_user": {
      "value": "testadmin",
      "type": "string"
    },
    "lb_dns_frontend": {
      "value": "test-frontend-load-balancer-1937784766.us-east-1.elb.amazonaws.com",
      "type": "string"
    }
  },
  "resources": [
    {
      "module": "module.base_infra",
      "mode": "data",
      "type": "aws_availability_zones",
      "name": "available",
      "provider": "provider[\"registry.terraform.io/hashicorp/aws\"]",
      "instances": [
        {
          "schema_version": 0,
          "attributes": {
            "all_availability_zones": null,
            "exclude_names": null,
            "exclude_zone_ids": null,
            "filter": null,
            "group_names": [
              "us-east-1"
            ],
            "id": "us-east-1",
            "names": [
              "us-east-1a",
              "us-east-1b",
              "us-east-1c",
              "us-east-1d",
              "us-east-1e",
              "us-east-1f"
            ],
            "state": null,
            "zone_ids": [
              "use1-az1",
              "use1-az2",
              "use1-az4",
              "use1-az6",
              "use1-az3",
              "use1-az5"
            ]
          },
          "sensitive_attributes": []
        }
      ]
    },
    {
      "module": "module.base_infra",
      "mode": "data",
      "type": "aws_caller_identity",
      "name": "current",
      "provider": "provider[\"registry.terraform.io/hashicorp/aws\"]",
      "instances": [
        {
          "schema_version": 0,
          "attributes": {
            "account_id": "824563723839",
            "arn": "arn:aws:iam::824563723839:user/arun-dev",
            "id": "824563723839",
            "user_id": "AIDA3766T5Y7UNTHJW6HI"
          },
          "sensitive_attributes": []
        }
      ]
    },
    {
      "module": "module.base_infra",
      "mode": "data",
      "type": "aws_iam_policy_document",
      "name": "artifacts-kms-policy",
      "provider": "provider[\"registry.terraform.io/hashicorp/aws\"]",
      "instances": [
        {
          "schema_version": 0,
          "attributes": {
            "id": "4274582380",
            "json": "{\n  \"Version\": \"2012-10-17\",\n  \"Id\": \"key-default-1\",\n  \"Statement\": [\n    {\n      \"Sid\": \"Enable IAM User Permissions\",\n      \"Effect\": \"Allow\",\n      \"Action\": \"kms:*\",\n      \"Resource\": \"*\",\n      \"Principal\": {\n        \"AWS\": \"arn:aws:iam::824563723839:root\"\n      }\n    }\n  ]\n}",
            "override_json": null,
            "override_policy_documents": null,
            "policy_id": "key-default-1",
            "source_json": null,
            "source_policy_documents": null,
            "statement": [
              {
                "actions": [
                  "kms:*"
                ],
                "condition": [],
                "effect": "Allow",
                "not_actions": [],
                "not_principals": [],
                "not_resources": [],
                "principals": [
                  {
                    "identifiers": [
                      "arn:aws:iam::824563723839:root"
                    ],
                    "type": "AWS"
                  }
                ],
                "resources": [
                  "*"
                ],
                "sid": "Enable IAM User Permissions"
              }
            ],
            "version": "2012-10-17"
          },
          "sensitive_attributes": []
        }
      ]
    },
    {
      "module": "module.base_infra",
      "mode": "data",
      "type": "aws_iam_policy_document",
      "name": "assume_by_codebuild",
      "provider": "provider[\"registry.terraform.io/hashicorp/aws\"]",
      "instances": [
        {
          "schema_version": 0,
          "attributes": {
            "id": "3354859635",
            "json": "{\n  \"Version\": \"2012-10-17\",\n  \"Statement\": [\n    {\n      \"Sid\": \"AllowAssumeByCodebuild\",\n      \"Effect\": \"Allow\",\n      \"Action\": \"sts:AssumeRole\",\n      \"Principal\": {\n        \"Service\": \"codebuild.amazonaws.com\"\n      }\n    }\n  ]\n}",
            "override_json": null,
            "override_policy_documents": null,
            "policy_id": null,
            "source_json": null,
            "source_policy_documents": null,
            "statement": [
              {
                "actions": [
                  "sts:AssumeRole"
                ],
                "condition": [],
                "effect": "Allow",
                "not_actions": [],
                "not_principals": [],
                "not_resources": [],
                "principals": [
                  {
                    "identifiers": [
                      "codebuild.amazonaws.com"
                    ],
                    "type": "Service"
                  }
                ],
                "resources": [],
                "sid": "AllowAssumeByCodebuild"
              }
            ],
            "version": "2012-10-17"
          },
          "sensitive_attributes": []
        }
      ]
    },
    {
      "module": "module.base_infra",
      "mode": "data",
      "type": "aws_iam_policy_document",
      "name": "assume_by_codedeploy",
      "provider": "provider[\"registry.terraform.io/hashicorp/aws\"]",
      "instances": [
        {
          "schema_version": 0,
          "attributes": {
            "id": "1717932134",
            "json": "{\n  \"Version\": \"2012-10-17\",\n  \"Statement\": [\n    {\n      \"Sid\": \"\",\n      \"Effect\": \"Allow\",\n      \"Action\": \"sts:AssumeRole\",\n      \"Principal\": {\n        \"Service\": \"codedeploy.amazonaws.com\"\n      }\n    }\n  ]\n}",
            "override_json": null,
            "override_policy_documents": null,
            "policy_id": null,
            "source_json": null,
            "source_policy_documents": null,
            "statement": [
              {
                "actions": [
                  "sts:AssumeRole"
                ],
                "condition": [],
                "effect": "Allow",
                "not_actions": [],
                "not_principals": [],
                "not_resources": [],
                "principals": [
                  {
                    "identifiers": [
                      "codedeploy.amazonaws.com"
                    ],
                    "type": "Service"
                  }
                ],
                "resources": [],
                "sid": ""
              }
            ],
            "version": "2012-10-17"
          },
          "sensitive_attributes": []
        }
      ]
    },
    {
      "module": "module.base_infra",
      "mode": "data",
      "type": "aws_iam_policy_document",
      "name": "assume_by_codepipeline",
      "provider": "provider[\"registry.terraform.io/hashicorp/aws\"]",
      "instances": [
        {
          "schema_version": 0,
          "attributes": {
            "id": "2095273241",
            "json": "{\n  \"Version\": \"2012-10-17\",\n  \"Statement\": [\n    {\n      \"Sid\": \"AllowAssumeByPipeline\",\n      \"Effect\": \"Allow\",\n      \"Action\": \"sts:AssumeRole\",\n      \"Principal\": {\n        \"Service\": \"codepipeline.amazonaws.com\"\n      }\n    }\n  ]\n}",
            "override_json": null,
            "override_policy_documents": null,
            "policy_id": null,
            "source_json": null,
            "source_policy_documents": null,
            "statement": [
              {
                "actions": [
                  "sts:AssumeRole"
                ],
                "condition": [],
                "effect": "Allow",
                "not_actions": [],
                "not_principals": [],
                "not_resources": [],
                "principals": [
                  {
                    "identifiers": [
                      "codepipeline.amazonaws.com"
                    ],
                    "type": "Service"
                  }
                ],
                "resources": [],
                "sid": "AllowAssumeByPipeline"
              }
            ],
            "version": "2012-10-17"
          },
          "sensitive_attributes": []
        }
      ]
    },
    {
      "module": "module.base_infra",
      "mode": "data",
      "type": "aws_iam_policy_document",
      "name": "assume_by_ecs",
      "provider": "provider[\"registry.terraform.io/hashicorp/aws\"]",
      "instances": [
        {
          "schema_version": 0,
          "attributes": {
            "id": "2886053284",
            "json": "{\n  \"Version\": \"2012-10-17\",\n  \"Statement\": [\n    {\n      \"Sid\": \"AllowAssumeByEcsTasks\",\n      \"Effect\": \"Allow\",\n      \"Action\": \"sts:AssumeRole\",\n      \"Principal\": {\n        \"Service\": \"ecs-tasks.amazonaws.com\"\n      }\n    }\n  ]\n}",
            "override_json": null,
            "override_policy_documents": null,
            "policy_id": null,
            "source_json": null,
            "source_policy_documents": null,
            "statement": [
              {
                "actions": [
                  "sts:AssumeRole"
                ],
                "condition": [],
                "effect": "Allow",
                "not_actions": [],
                "not_principals": [],
                "not_resources": [],
                "principals": [
                  {
                    "identifiers": [
                      "ecs-tasks.amazonaws.com"
                    ],
                    "type": "Service"
                  }
                ],
                "resources": [],
                "sid": "AllowAssumeByEcsTasks"
              }
            ],
            "version": "2012-10-17"
          },
          "sensitive_attributes": []
        }
      ]
    },
    {
      "module": "module.base_infra",
      "mode": "data",
      "type": "aws_iam_policy_document",
      "name": "codebuild",
      "provider": "provider[\"registry.terraform.io/hashicorp/aws\"]",
      "instances": [
        {
          "schema_version": 0,
          "attributes": {
            "id": "2451276025",
            "json": "{\n  \"Version\": \"2012-10-17\",\n  \"Statement\": [\n    {\n      \"Sid\": \"AllowS3\",\n      \"Effect\": \"Allow\",\n      \"Action\": [\n        \"s3:PutObject\",\n        \"s3:GetObjectVersion\",\n        \"s3:GetObject\",\n        \"s3:GetBucketLocation\",\n        \"s3:GetBucketAcl\"\n      ],\n      \"Resource\": \"*\"\n    },\n    {\n      \"Sid\": \"AllowECR\",\n      \"Effect\": \"Allow\",\n      \"Action\": \"ecr:*\",\n      \"Resource\": \"*\"\n    },\n    {\n      \"Sid\": \"AWSKMSUse\",\n      \"Effect\": \"Allow\",\n      \"Action\": [\n        \"kms:ReEncrypt*\",\n        \"kms:GenerateDataKey*\",\n        \"kms:Encrypt\",\n        \"kms:DescribeKey\",\n        \"kms:Decrypt\"\n      ],\n      \"Resource\": \"*\"\n    },\n    {\n      \"Sid\": \"AllowECSDescribeTaskDefinition\",\n      \"Effect\": \"Allow\",\n      \"Action\": [\n        \"ecs:List*\",\n        \"ecs:Describe*\"\n      ],\n      \"Resource\": \"*\"\n    },\n    {\n      \"Sid\": \"AllowLogging\",\n      \"Effect\": \"Allow\",\n      \"Action\": [\n        \"logs:PutLogEvents\",\n        \"logs:CreateLogStream\",\n        \"logs:CreateLogGroup\"\n      ],\n      \"Resource\": \"*\"\n    }\n  ]\n}",
            "override_json": null,
            "override_policy_documents": null,
            "policy_id": null,
            "source_json": null,
            "source_policy_documents": null,
            "statement": [
              {
                "actions": [
                  "s3:GetBucketAcl",
                  "s3:GetBucketLocation",
                  "s3:GetObject",
                  "s3:GetObjectVersion",
                  "s3:PutObject"
                ],
                "condition": [],
                "effect": "Allow",
                "not_actions": [],
                "not_principals": [],
                "not_resources": [],
                "principals": [],
                "resources": [
                  "*"
                ],
                "sid": "AllowS3"
              },
              {
                "actions": [
                  "ecr:*"
                ],
                "condition": [],
                "effect": "Allow",
                "not_actions": [],
                "not_principals": [],
                "not_resources": [],
                "principals": [],
                "resources": [
                  "*"
                ],
                "sid": "AllowECR"
              },
              {
                "actions": [
                  "kms:Decrypt",
                  "kms:DescribeKey",
                  "kms:Encrypt",
                  "kms:GenerateDataKey*",
                  "kms:ReEncrypt*"
                ],
                "condition": [],
                "effect": "Allow",
                "not_actions": [],
                "not_principals": [],
                "not_resources": [],
                "principals": [],
                "resources": [
                  "*"
                ],
                "sid": "AWSKMSUse"
              },
              {
                "actions": [
                  "ecs:Describe*",
                  "ecs:List*"
                ],
                "condition": [],
                "effect": "Allow",
                "not_actions": [],
                "not_principals": [],
                "not_resources": [],
                "principals": [],
                "resources": [
                  "*"
                ],
                "sid": "AllowECSDescribeTaskDefinition"
              },
              {
                "actions": [
                  "logs:CreateLogGroup",
                  "logs:CreateLogStream",
                  "logs:PutLogEvents"
                ],
                "condition": [],
                "effect": "Allow",
                "not_actions": [],
                "not_principals": [],
                "not_resources": [],
                "principals": [],
                "resources": [
                  "*"
                ],
                "sid": "AllowLogging"
              }
            ],
            "version": "2012-10-17"
          },
          "sensitive_attributes": []
        }
      ]
    },
    {
      "module": "module.base_infra",
      "mode": "data",
      "type": "aws_iam_policy_document",
      "name": "codedeploy",
      "provider": "provider[\"registry.terraform.io/hashicorp/aws\"]",
      "instances": [
        {
          "schema_version": 0,
          "attributes": {
            "id": "2851972008",
            "json": "{\n  \"Version\": \"2012-10-17\",\n  \"Statement\": [\n    {\n      \"Sid\": \"AllowLoadBalancingAndECSModifications\",\n      \"Effect\": \"Allow\",\n      \"Action\": [\n        \"sns:Publish\",\n        \"s3:GetObjectVersion\",\n        \"s3:GetObjectMetadata\",\n        \"s3:GetObject\",\n        \"lambda:InvokeFunction\",\n        \"elasticloadbalancing:ModifyRule\",\n        \"elasticloadbalancing:ModifyListener\",\n        \"elasticloadbalancing:DescribeTargetGroups\",\n        \"elasticloadbalancing:DescribeRules\",\n        \"elasticloadbalancing:DescribeListeners\",\n        \"ecs:UpdateServicePrimaryTaskSet\",\n        \"ecs:DescribeServices\",\n        \"ecs:DeleteTaskSet\",\n        \"ecs:CreateTaskSet\",\n        \"cloudwatch:DescribeAlarms\"\n      ],\n      \"Resource\": \"*\"\n    },\n    {\n      \"Sid\": \"KMSAllow\",\n      \"Effect\": \"Allow\",\n      \"Action\": [\n        \"kms:DescribeKey\",\n        \"kms:Decrypt\"\n      ],\n      \"Resource\": \"arn:aws:kms:us-east-1:824563723839:key/50f0c9c4-0c05-47d7-90d0-39a9c2a8ba3b\"\n    },\n    {\n      \"Sid\": \"\",\n      \"Effect\": \"Allow\",\n      \"Action\": \"iam:PassRole\",\n      \"Resource\": \"*\",\n      \"Condition\": {\n        \"StringLike\": {\n          \"iam:PassedToService\": \"ecs-tasks.amazonaws.com\"\n        }\n      }\n    }\n  ]\n}",
            "override_json": null,
            "override_policy_documents": null,
            "policy_id": null,
            "source_json": null,
            "source_policy_documents": null,
            "statement": [
              {
                "actions": [
                  "cloudwatch:DescribeAlarms",
                  "ecs:CreateTaskSet",
                  "ecs:DeleteTaskSet",
                  "ecs:DescribeServices",
                  "ecs:UpdateServicePrimaryTaskSet",
                  "elasticloadbalancing:DescribeListeners",
                  "elasticloadbalancing:DescribeRules",
                  "elasticloadbalancing:DescribeTargetGroups",
                  "elasticloadbalancing:ModifyListener",
                  "elasticloadbalancing:ModifyRule",
                  "lambda:InvokeFunction",
                  "s3:GetObject",
                  "s3:GetObjectMetadata",
                  "s3:GetObjectVersion",
                  "sns:Publish"
                ],
                "condition": [],
                "effect": "Allow",
                "not_actions": [],
                "not_principals": [],
                "not_resources": [],
                "principals": [],
                "resources": [
                  "*"
                ],
                "sid": "AllowLoadBalancingAndECSModifications"
              },
              {
                "actions": [
                  "kms:Decrypt",
                  "kms:DescribeKey"
                ],
                "condition": [],
                "effect": "Allow",
                "not_actions": [],
                "not_principals": [],
                "not_resources": [],
                "principals": [],
                "resources": [
                  "arn:aws:kms:us-east-1:824563723839:key/50f0c9c4-0c05-47d7-90d0-39a9c2a8ba3b"
                ],
                "sid": "KMSAllow"
              },
              {
                "actions": [
                  "iam:PassRole"
                ],
                "condition": [
                  {
                    "test": "StringLike",
                    "values": [
                      "ecs-tasks.amazonaws.com"
                    ],
                    "variable": "iam:PassedToService"
                  }
                ],
                "effect": "Allow",
                "not_actions": [],
                "not_principals": [],
                "not_resources": [],
                "principals": [],
                "resources": [
                  "*"
                ],
                "sid": ""
              }
            ],
            "version": "2012-10-17"
          },
          "sensitive_attributes": []
        }
      ]
    },
    {
      "module": "module.base_infra",
      "mode": "data",
      "type": "aws_iam_policy_document",
      "name": "codepipeline",
      "provider": "provider[\"registry.terraform.io/hashicorp/aws\"]",
      "instances": [
        {
          "schema_version": 0,
          "attributes": {
            "id": "2897219399",
            "json": "{\n  \"Version\": \"2012-10-17\",\n  \"Statement\": [\n    {\n      \"Sid\": \"AllowS3\",\n      \"Effect\": \"Allow\",\n      \"Action\": [\n        \"s3:PutObject\",\n        \"s3:ListBucket\",\n        \"s3:GetObject\"\n      ],\n      \"Resource\": \"*\"\n    },\n    {\n      \"Sid\": \"AllowECR\",\n      \"Effect\": \"Allow\",\n      \"Action\": \"ecr:DescribeImages\",\n      \"Resource\": \"*\"\n    },\n    {\n      \"Sid\": \"AllowCodebuild\",\n      \"Effect\": \"Allow\",\n      \"Action\": [\n        \"codebuild:StartBuild\",\n        \"codebuild:BatchGetBuilds\"\n      ],\n      \"Resource\": \"*\"\n    },\n    {\n      \"Sid\": \"AllowCodedepoloy\",\n      \"Effect\": \"Allow\",\n      \"Action\": [\n        \"codedeploy:RegisterApplicationRevision\",\n        \"codedeploy:GetDeploymentConfig\",\n        \"codedeploy:GetDeployment\",\n        \"codedeploy:GetApplicationRevision\",\n        \"codedeploy:GetApplication\",\n        \"codedeploy:CreateDeployment\"\n      ],\n      \"Resource\": \"*\"\n    },\n    {\n      \"Sid\": \"AllowResources\",\n      \"Effect\": \"Allow\",\n      \"Action\": [\n        \"sqs:*\",\n        \"sns:*\",\n        \"servicecatalog:*\",\n        \"s3:*\",\n        \"rds:*\",\n        \"opsworks:*\",\n        \"kms:*\",\n        \"elasticloadbalancing:*\",\n        \"elasticbeanstalk:*\",\n        \"ecs:*\",\n        \"ec2:*\",\n        \"devicefarm:*\",\n        \"cloudwatch:*\",\n        \"cloudformation:*\",\n        \"autoscaling:*\"\n      ],\n      \"Resource\": \"*\"\n    },\n    {\n      \"Sid\": \"\",\n      \"Effect\": \"Allow\",\n      \"Action\": \"iam:PassRole\",\n      \"Resource\": \"*\",\n      \"Condition\": {\n        \"StringLike\": {\n          \"iam:PassedToService\": \"ecs-tasks.amazonaws.com\"\n        }\n      }\n    }\n  ]\n}",
            "override_json": null,
            "override_policy_documents": null,
            "policy_id": null,
            "source_json": null,
            "source_policy_documents": null,
            "statement": [
              {
                "actions": [
                  "s3:GetObject",
                  "s3:ListBucket",
                  "s3:PutObject"
                ],
                "condition": [],
                "effect": "Allow",
                "not_actions": [],
                "not_principals": [],
                "not_resources": [],
                "principals": [],
                "resources": [
                  "*"
                ],
                "sid": "AllowS3"
              },
              {
                "actions": [
                  "ecr:DescribeImages"
                ],
                "condition": [],
                "effect": "Allow",
                "not_actions": [],
                "not_principals": [],
                "not_resources": [],
                "principals": [],
                "resources": [
                  "*"
                ],
                "sid": "AllowECR"
              },
              {
                "actions": [
                  "codebuild:BatchGetBuilds",
                  "codebuild:StartBuild"
                ],
                "condition": [],
                "effect": "Allow",
                "not_actions": [],
                "not_principals": [],
                "not_resources": [],
                "principals": [],
                "resources": [
                  "*"
                ],
                "sid": "AllowCodebuild"
              },
              {
                "actions": [
                  "codedeploy:CreateDeployment",
                  "codedeploy:GetApplication",
                  "codedeploy:GetApplicationRevision",
                  "codedeploy:GetDeployment",
                  "codedeploy:GetDeploymentConfig",
                  "codedeploy:RegisterApplicationRevision"
                ],
                "condition": [],
                "effect": "Allow",
                "not_actions": [],
                "not_principals": [],
                "not_resources": [],
                "principals": [],
                "resources": [
                  "*"
                ],
                "sid": "AllowCodedepoloy"
              },
              {
                "actions": [
                  "autoscaling:*",
                  "cloudformation:*",
                  "cloudwatch:*",
                  "devicefarm:*",
                  "ec2:*",
                  "ecs:*",
                  "elasticbeanstalk:*",
                  "elasticloadbalancing:*",
                  "kms:*",
                  "opsworks:*",
                  "rds:*",
                  "s3:*",
                  "servicecatalog:*",
                  "sns:*",
                  "sqs:*"
                ],
                "condition": [],
                "effect": "Allow",
                "not_actions": [],
                "not_principals": [],
                "not_resources": [],
                "principals": [],
                "resources": [
                  "*"
                ],
                "sid": "AllowResources"
              },
              {
                "actions": [
                  "iam:PassRole"
                ],
                "condition": [
                  {
                    "test": "StringLike",
                    "values": [
                      "ecs-tasks.amazonaws.com"
                    ],
                    "variable": "iam:PassedToService"
                  }
                ],
                "effect": "Allow",
                "not_actions": [],
                "not_principals": [],
                "not_resources": [],
                "principals": [],
                "resources": [
                  "*"
                ],
                "sid": ""
              }
            ],
            "version": "2012-10-17"
          },
          "sensitive_attributes": []
        }
      ]
    },
    {
      "module": "module.base_infra",
      "mode": "data",
      "type": "aws_iam_policy_document",
      "name": "execution_role",
      "provider": "provider[\"registry.terraform.io/hashicorp/aws\"]",
      "instances": [
        {
          "schema_version": 0,
          "attributes": {
            "id": "3968904879",
            "json": "{\n  \"Version\": \"2012-10-17\",\n  \"Statement\": [\n    {\n      \"Sid\": \"AllowECRLogging\",\n      \"Effect\": \"Allow\",\n      \"Action\": [\n        \"logs:PutLogEvents\",\n        \"logs:CreateLogStream\",\n        \"ecr:GetDownloadUrlForLayer\",\n        \"ecr:GetAuthorizationToken\",\n        \"ecr:BatchGetImage\",\n        \"ecr:BatchCheckLayerAvailability\"\n      ],\n      \"Resource\": \"*\"\n    }\n  ]\n}",
            "override_json": null,
            "override_policy_documents": null,
            "policy_id": null,
            "source_json": null,
            "source_policy_documents": null,
            "statement": [
              {
                "actions": [
                  "ecr:BatchCheckLayerAvailability",
                  "ecr:BatchGetImage",
                  "ecr:GetAuthorizationToken",
                  "ecr:GetDownloadUrlForLayer",
                  "logs:CreateLogStream",
                  "logs:PutLogEvents"
                ],
                "condition": [],
                "effect": "Allow",
                "not_actions": [],
                "not_principals": [],
                "not_resources": [],
                "principals": [],
                "resources": [
                  "*"
                ],
                "sid": "AllowECRLogging"
              }
            ],
            "version": "2012-10-17"
          },
          "sensitive_attributes": []
        }
      ]
    },
    {
      "module": "module.base_infra",
      "mode": "data",
      "type": "aws_iam_policy_document",
      "name": "task_role",
      "provider": "provider[\"registry.terraform.io/hashicorp/aws\"]",
      "instances": [
        {
          "schema_version": 0,
          "attributes": {
            "id": "1659040300",
            "json": "{\n  \"Version\": \"2012-10-17\",\n  \"Statement\": [\n    {\n      \"Sid\": \"AllowDescribeCluster\",\n      \"Effect\": \"Allow\",\n      \"Action\": \"ecs:DescribeClusters\",\n      \"Resource\": \"arn:aws:ecs:us-east-1:824563723839:cluster/test-cluster\"\n    }\n  ]\n}",
            "override_json": null,
            "override_policy_documents": null,
            "policy_id": null,
            "source_json": null,
            "source_policy_documents": null,
            "statement": [
              {
                "actions": [
                  "ecs:DescribeClusters"
                ],
                "condition": [],
                "effect": "Allow",
                "not_actions": [],
                "not_principals": [],
                "not_resources": [],
                "principals": [],
                "resources": [
                  "arn:aws:ecs:us-east-1:824563723839:cluster/test-cluster"
                ],
                "sid": "AllowDescribeCluster"
              }
            ],
            "version": "2012-10-17"
          },
          "sensitive_attributes": []
        }
      ]
    },
    {
      "module": "module.base_infra",
      "mode": "managed",
      "type": "aws_ecs_cluster",
      "name": "ecsinfra-cluster",
      "provider": "provider[\"registry.terraform.io/hashicorp/aws\"]",
      "instances": [
        {
          "schema_version": 0,
          "attributes": {
            "arn": "arn:aws:ecs:us-east-1:824563723839:cluster/test-cluster",
            "capacity_providers": [],
            "configuration": [],
            "default_capacity_provider_strategy": [],
            "id": "arn:aws:ecs:us-east-1:824563723839:cluster/test-cluster",
            "name": "test-cluster",
            "setting": [
              {
                "name": "containerInsights",
                "value": "disabled"
              }
            ],
            "tags": {
              "Department": "Engineering"
            },
            "tags_all": {
              "Department": "Engineering"
            }
          },
          "sensitive_attributes": [],
          "private": "bnVsbA=="
        }
      ]
    },
    {
      "module": "module.base_infra",
      "mode": "managed",
      "type": "aws_iam_role",
      "name": "codebuild",
      "provider": "provider[\"registry.terraform.io/hashicorp/aws\"]",
      "instances": [
        {
          "schema_version": 0,
          "attributes": {
            "arn": "arn:aws:iam::824563723839:role/test-codebuild",
            "assume_role_policy": "{\"Version\":\"2012-10-17\",\"Statement\":[{\"Sid\":\"AllowAssumeByCodebuild\",\"Effect\":\"Allow\",\"Principal\":{\"Service\":\"codebuild.amazonaws.com\"},\"Action\":\"sts:AssumeRole\"}]}",
            "create_date": "2022-12-24T18:45:51Z",
            "description": "",
            "force_detach_policies": false,
            "id": "test-codebuild",
            "inline_policy": [
              {
                "name": "",
                "policy": ""
              }
            ],
            "managed_policy_arns": [],
            "max_session_duration": 3600,
            "name": "test-codebuild",
            "name_prefix": "",
            "path": "/",
            "permissions_boundary": null,
            "tags": {
              "Department": "Engineering"
            },
            "tags_all": {
              "Department": "Engineering"
            },
            "unique_id": "AROA3766T5Y7RLR4KMVX3"
          },
          "sensitive_attributes": [],
          "private": "bnVsbA==",
          "dependencies": [
            "module.base_infra.data.aws_iam_policy_document.assume_by_codebuild"
          ]
        }
      ]
    },
    {
      "module": "module.base_infra",
      "mode": "managed",
      "type": "aws_iam_role",
      "name": "codedeploy",
      "provider": "provider[\"registry.terraform.io/hashicorp/aws\"]",
      "instances": [
        {
          "schema_version": 0,
          "attributes": {
            "arn": "arn:aws:iam::824563723839:role/test-codedeploy",
            "assume_role_policy": "{\"Version\":\"2012-10-17\",\"Statement\":[{\"Sid\":\"\",\"Effect\":\"Allow\",\"Principal\":{\"Service\":\"codedeploy.amazonaws.com\"},\"Action\":\"sts:AssumeRole\"}]}",
            "create_date": "2022-12-24T18:45:52Z",
            "description": "",
            "force_detach_policies": false,
            "id": "test-codedeploy",
            "inline_policy": [
              {
                "name": "",
                "policy": ""
              }
            ],
            "managed_policy_arns": [],
            "max_session_duration": 3600,
            "name": "test-codedeploy",
            "name_prefix": "",
            "path": "/",
            "permissions_boundary": null,
            "tags": {
              "Department": "Engineering"
            },
            "tags_all": {
              "Department": "Engineering"
            },
            "unique_id": "AROA3766T5Y7XBLG5MERN"
          },
          "sensitive_attributes": [],
          "private": "bnVsbA==",
          "dependencies": [
            "module.base_infra.data.aws_iam_policy_document.assume_by_codedeploy"
          ]
        }
      ]
    },
    {
      "module": "module.base_infra",
      "mode": "managed",
      "type": "aws_iam_role",
      "name": "codepipeline",
      "provider": "provider[\"registry.terraform.io/hashicorp/aws\"]",
      "instances": [
        {
          "schema_version": 0,
          "attributes": {
            "arn": "arn:aws:iam::824563723839:role/test-pipeline-ecs-service-role",
            "assume_role_policy": "{\"Version\":\"2012-10-17\",\"Statement\":[{\"Sid\":\"AllowAssumeByPipeline\",\"Effect\":\"Allow\",\"Principal\":{\"Service\":\"codepipeline.amazonaws.com\"},\"Action\":\"sts:AssumeRole\"}]}",
            "create_date": "2022-12-24T18:45:51Z",
            "description": "",
            "force_detach_policies": false,
            "id": "test-pipeline-ecs-service-role",
            "inline_policy": [
              {
                "name": "",
                "policy": ""
              }
            ],
            "managed_policy_arns": [],
            "max_session_duration": 3600,
            "name": "test-pipeline-ecs-service-role",
            "name_prefix": "",
            "path": "/",
            "permissions_boundary": null,
            "tags": {
              "Department": "Engineering"
            },
            "tags_all": {
              "Department": "Engineering"
            },
            "unique_id": "AROA3766T5Y76FEIBVLKV"
          },
          "sensitive_attributes": [],
          "private": "bnVsbA==",
          "dependencies": [
            "module.base_infra.data.aws_iam_policy_document.assume_by_codepipeline"
          ]
        }
      ]
    },
    {
      "module": "module.base_infra",
      "mode": "managed",
      "type": "aws_iam_role",
      "name": "execution_role",
      "provider": "provider[\"registry.terraform.io/hashicorp/aws\"]",
      "instances": [
        {
          "schema_version": 0,
          "attributes": {
            "arn": "arn:aws:iam::824563723839:role/test_ecsTaskExecutionRole",
            "assume_role_policy": "{\"Version\":\"2012-10-17\",\"Statement\":[{\"Sid\":\"AllowAssumeByEcsTasks\",\"Effect\":\"Allow\",\"Principal\":{\"Service\":\"ecs-tasks.amazonaws.com\"},\"Action\":\"sts:AssumeRole\"}]}",
            "create_date": "2022-12-24T18:45:52Z",
            "description": "",
            "force_detach_policies": false,
            "id": "test_ecsTaskExecutionRole",
            "inline_policy": [
              {
                "name": "",
                "policy": ""
              }
            ],
            "managed_policy_arns": [],
            "max_session_duration": 3600,
            "name": "test_ecsTaskExecutionRole",
            "name_prefix": "",
            "path": "/",
            "permissions_boundary": null,
            "tags": {
              "Department": "Engineering"
            },
            "tags_all": {
              "Department": "Engineering"
            },
            "unique_id": "AROA3766T5Y7WTD275XC6"
          },
          "sensitive_attributes": [],
          "private": "bnVsbA==",
          "dependencies": [
            "module.base_infra.data.aws_iam_policy_document.assume_by_ecs"
          ]
        }
      ]
    },
    {
      "module": "module.base_infra",
      "mode": "managed",
      "type": "aws_iam_role",
      "name": "task_role",
      "provider": "provider[\"registry.terraform.io/hashicorp/aws\"]",
      "instances": [
        {
          "schema_version": 0,
          "attributes": {
            "arn": "arn:aws:iam::824563723839:role/test_ecsTaskRole",
            "assume_role_policy": "{\"Version\":\"2012-10-17\",\"Statement\":[{\"Sid\":\"AllowAssumeByEcsTasks\",\"Effect\":\"Allow\",\"Principal\":{\"Service\":\"ecs-tasks.amazonaws.com\"},\"Action\":\"sts:AssumeRole\"}]}",
            "create_date": "2022-12-24T18:45:52Z",
            "description": "",
            "force_detach_policies": false,
            "id": "test_ecsTaskRole",
            "inline_policy": [
              {
                "name": "",
                "policy": ""
              }
            ],
            "managed_policy_arns": [],
            "max_session_duration": 3600,
            "name": "test_ecsTaskRole",
            "name_prefix": "",
            "path": "/",
            "permissions_boundary": null,
            "tags": {
              "Department": "Engineering"
            },
            "tags_all": {
              "Department": "Engineering"
            },
            "unique_id": "AROA3766T5Y7RGVHTZOZX"
          },
          "sensitive_attributes": [],
          "private": "bnVsbA==",
          "dependencies": [
            "module.base_infra.data.aws_iam_policy_document.assume_by_ecs"
          ]
        }
      ]
    },
    {
      "module": "module.base_infra",
      "mode": "managed",
      "type": "aws_iam_role_policy",
      "name": "codebuild",
      "provider": "provider[\"registry.terraform.io/hashicorp/aws\"]",
      "instances": [
        {
          "schema_version": 0,
          "attributes": {
            "id": "test-codebuild:terraform-20221224184553129800000001",
            "name": "terraform-20221224184553129800000001",
            "name_prefix": null,
            "policy": "{\n  \"Version\": \"2012-10-17\",\n  \"Statement\": [\n    {\n      \"Sid\": \"AllowS3\",\n      \"Effect\": \"Allow\",\n      \"Action\": [\n        \"s3:PutObject\",\n        \"s3:GetObjectVersion\",\n        \"s3:GetObject\",\n        \"s3:GetBucketLocation\",\n        \"s3:GetBucketAcl\"\n      ],\n      \"Resource\": \"*\"\n    },\n    {\n      \"Sid\": \"AllowECR\",\n      \"Effect\": \"Allow\",\n      \"Action\": \"ecr:*\",\n      \"Resource\": \"*\"\n    },\n    {\n      \"Sid\": \"AWSKMSUse\",\n      \"Effect\": \"Allow\",\n      \"Action\": [\n        \"kms:ReEncrypt*\",\n        \"kms:GenerateDataKey*\",\n        \"kms:Encrypt\",\n        \"kms:DescribeKey\",\n        \"kms:Decrypt\"\n      ],\n      \"Resource\": \"*\"\n    },\n    {\n      \"Sid\": \"AllowECSDescribeTaskDefinition\",\n      \"Effect\": \"Allow\",\n      \"Action\": [\n        \"ecs:List*\",\n        \"ecs:Describe*\"\n      ],\n      \"Resource\": \"*\"\n    },\n    {\n      \"Sid\": \"AllowLogging\",\n      \"Effect\": \"Allow\",\n      \"Action\": [\n        \"logs:PutLogEvents\",\n        \"logs:CreateLogStream\",\n        \"logs:CreateLogGroup\"\n      ],\n      \"Resource\": \"*\"\n    }\n  ]\n}",
            "role": "test-codebuild"
          },
          "sensitive_attributes": [],
          "private": "bnVsbA==",
          "dependencies": [
            "module.base_infra.aws_iam_role.codebuild",
            "module.base_infra.data.aws_iam_policy_document.assume_by_codebuild",
            "module.base_infra.data.aws_iam_policy_document.codebuild"
          ]
        }
      ]
    },
    {
      "module": "module.base_infra",
      "mode": "managed",
      "type": "aws_iam_role_policy",
      "name": "codedeploy",
      "provider": "provider[\"registry.terraform.io/hashicorp/aws\"]",
      "instances": [
        {
          "schema_version": 0,
          "attributes": {
            "id": "test-codedeploy:terraform-20221224184604328600000005",
            "name": "terraform-20221224184604328600000005",
            "name_prefix": null,
            "policy": "{\n  \"Version\": \"2012-10-17\",\n  \"Statement\": [\n    {\n      \"Sid\": \"AllowLoadBalancingAndECSModifications\",\n      \"Effect\": \"Allow\",\n      \"Action\": [\n        \"sns:Publish\",\n        \"s3:GetObjectVersion\",\n        \"s3:GetObjectMetadata\",\n        \"s3:GetObject\",\n        \"lambda:InvokeFunction\",\n        \"elasticloadbalancing:ModifyRule\",\n        \"elasticloadbalancing:ModifyListener\",\n        \"elasticloadbalancing:DescribeTargetGroups\",\n        \"elasticloadbalancing:DescribeRules\",\n        \"elasticloadbalancing:DescribeListeners\",\n        \"ecs:UpdateServicePrimaryTaskSet\",\n        \"ecs:DescribeServices\",\n        \"ecs:DeleteTaskSet\",\n        \"ecs:CreateTaskSet\",\n        \"cloudwatch:DescribeAlarms\"\n      ],\n      \"Resource\": \"*\"\n    },\n    {\n      \"Sid\": \"KMSAllow\",\n      \"Effect\": \"Allow\",\n      \"Action\": [\n        \"kms:DescribeKey\",\n        \"kms:Decrypt\"\n      ],\n      \"Resource\": \"arn:aws:kms:us-east-1:824563723839:key/50f0c9c4-0c05-47d7-90d0-39a9c2a8ba3b\"\n    },\n    {\n      \"Sid\": \"\",\n      \"Effect\": \"Allow\",\n      \"Action\": \"iam:PassRole\",\n      \"Resource\": \"*\",\n      \"Condition\": {\n        \"StringLike\": {\n          \"iam:PassedToService\": \"ecs-tasks.amazonaws.com\"\n        }\n      }\n    }\n  ]\n}",
            "role": "test-codedeploy"
          },
          "sensitive_attributes": [],
          "private": "bnVsbA==",
          "dependencies": [
            "module.base_infra.aws_iam_role.codedeploy",
            "module.base_infra.aws_kms_key.key",
            "module.base_infra.data.aws_iam_policy_document.artifacts-kms-policy",
            "module.base_infra.data.aws_iam_policy_document.assume_by_codedeploy",
            "module.base_infra.data.aws_iam_policy_document.codedeploy"
          ]
        }
      ]
    },
    {
      "module": "module.base_infra",
      "mode": "managed",
      "type": "aws_iam_role_policy",
      "name": "codepipeline",
      "provider": "provider[\"registry.terraform.io/hashicorp/aws\"]",
      "instances": [
        {
          "schema_version": 0,
          "attributes": {
            "id": "test-pipeline-ecs-service-role:terraform-20221224184553201500000002",
            "name": "terraform-20221224184553201500000002",
            "name_prefix": null,
            "policy": "{\n  \"Version\": \"2012-10-17\",\n  \"Statement\": [\n    {\n      \"Sid\": \"AllowS3\",\n      \"Effect\": \"Allow\",\n      \"Action\": [\n        \"s3:PutObject\",\n        \"s3:ListBucket\",\n        \"s3:GetObject\"\n      ],\n      \"Resource\": \"*\"\n    },\n    {\n      \"Sid\": \"AllowECR\",\n      \"Effect\": \"Allow\",\n      \"Action\": \"ecr:DescribeImages\",\n      \"Resource\": \"*\"\n    },\n    {\n      \"Sid\": \"AllowCodebuild\",\n      \"Effect\": \"Allow\",\n      \"Action\": [\n        \"codebuild:StartBuild\",\n        \"codebuild:BatchGetBuilds\"\n      ],\n      \"Resource\": \"*\"\n    },\n    {\n      \"Sid\": \"AllowCodedepoloy\",\n      \"Effect\": \"Allow\",\n      \"Action\": [\n        \"codedeploy:RegisterApplicationRevision\",\n        \"codedeploy:GetDeploymentConfig\",\n        \"codedeploy:GetDeployment\",\n        \"codedeploy:GetApplicationRevision\",\n        \"codedeploy:GetApplication\",\n        \"codedeploy:CreateDeployment\"\n      ],\n      \"Resource\": \"*\"\n    },\n    {\n      \"Sid\": \"AllowResources\",\n      \"Effect\": \"Allow\",\n      \"Action\": [\n        \"sqs:*\",\n        \"sns:*\",\n        \"servicecatalog:*\",\n        \"s3:*\",\n        \"rds:*\",\n        \"opsworks:*\",\n        \"kms:*\",\n        \"elasticloadbalancing:*\",\n        \"elasticbeanstalk:*\",\n        \"ecs:*\",\n        \"ec2:*\",\n        \"devicefarm:*\",\n        \"cloudwatch:*\",\n        \"cloudformation:*\",\n        \"autoscaling:*\"\n      ],\n      \"Resource\": \"*\"\n    },\n    {\n      \"Sid\": \"\",\n      \"Effect\": \"Allow\",\n      \"Action\": \"iam:PassRole\",\n      \"Resource\": \"*\",\n      \"Condition\": {\n        \"StringLike\": {\n          \"iam:PassedToService\": \"ecs-tasks.amazonaws.com\"\n        }\n      }\n    }\n  ]\n}",
            "role": "test-pipeline-ecs-service-role"
          },
          "sensitive_attributes": [],
          "private": "bnVsbA==",
          "dependencies": [
            "module.base_infra.aws_iam_role.codepipeline",
            "module.base_infra.data.aws_iam_policy_document.assume_by_codepipeline",
            "module.base_infra.data.aws_iam_policy_document.codepipeline"
          ]
        }
      ]
    },
    {
      "module": "module.base_infra",
      "mode": "managed",
      "type": "aws_iam_role_policy",
      "name": "execution_role",
      "provider": "provider[\"registry.terraform.io/hashicorp/aws\"]",
      "instances": [
        {
          "schema_version": 0,
          "attributes": {
            "id": "test_ecsTaskExecutionRole:terraform-20221224184553829000000003",
            "name": "terraform-20221224184553829000000003",
            "name_prefix": null,
            "policy": "{\n  \"Version\": \"2012-10-17\",\n  \"Statement\": [\n    {\n      \"Sid\": \"AllowECRLogging\",\n      \"Effect\": \"Allow\",\n      \"Action\": [\n        \"logs:PutLogEvents\",\n        \"logs:CreateLogStream\",\n        \"ecr:GetDownloadUrlForLayer\",\n        \"ecr:GetAuthorizationToken\",\n        \"ecr:BatchGetImage\",\n        \"ecr:BatchCheckLayerAvailability\"\n      ],\n      \"Resource\": \"*\"\n    }\n  ]\n}",
            "role": "test_ecsTaskExecutionRole"
          },
          "sensitive_attributes": [],
          "private": "bnVsbA==",
          "dependencies": [
            "module.base_infra.aws_iam_role.execution_role",
            "module.base_infra.data.aws_iam_policy_document.assume_by_ecs",
            "module.base_infra.data.aws_iam_policy_document.execution_role"
          ]
        }
      ]
    },
    {
      "module": "module.base_infra",
      "mode": "managed",
      "type": "aws_iam_role_policy",
      "name": "task_role",
      "provider": "provider[\"registry.terraform.io/hashicorp/aws\"]",
      "instances": [
        {
          "schema_version": 0,
          "attributes": {
            "id": "test_ecsTaskRole:terraform-20221224184602913000000004",
            "name": "terraform-20221224184602913000000004",
            "name_prefix": null,
            "policy": "{\n  \"Version\": \"2012-10-17\",\n  \"Statement\": [\n    {\n      \"Sid\": \"AllowDescribeCluster\",\n      \"Effect\": \"Allow\",\n      \"Action\": \"ecs:DescribeClusters\",\n      \"Resource\": \"arn:aws:ecs:us-east-1:824563723839:cluster/test-cluster\"\n    }\n  ]\n}",
            "role": "test_ecsTaskRole"
          },
          "sensitive_attributes": [],
          "private": "bnVsbA==",
          "dependencies": [
            "module.base_infra.aws_ecs_cluster.ecsinfra-cluster",
            "module.base_infra.aws_iam_role.task_role",
            "module.base_infra.data.aws_iam_policy_document.assume_by_ecs",
            "module.base_infra.data.aws_iam_policy_document.task_role"
          ]
        }
      ]
    },
    {
      "module": "module.base_infra",
      "mode": "managed",
      "type": "aws_kms_alias",
      "name": "kms_alias",
      "provider": "provider[\"registry.terraform.io/hashicorp/aws\"]",
      "instances": [
        {
          "schema_version": 0,
          "attributes": {
            "arn": "arn:aws:kms:us-east-1:824563723839:alias/test",
            "id": "alias/test",
            "name": "alias/test",
            "name_prefix": "",
            "target_key_arn": "arn:aws:kms:us-east-1:824563723839:key/50f0c9c4-0c05-47d7-90d0-39a9c2a8ba3b",
            "target_key_id": "50f0c9c4-0c05-47d7-90d0-39a9c2a8ba3b"
          },
          "sensitive_attributes": [],
          "private": "bnVsbA==",
          "dependencies": [
            "module.base_infra.aws_kms_key.key",
            "module.base_infra.data.aws_iam_policy_document.artifacts-kms-policy"
          ]
        }
      ]
    },
    {
      "module": "module.base_infra",
      "mode": "managed",
      "type": "aws_kms_key",
      "name": "key",
      "provider": "provider[\"registry.terraform.io/hashicorp/aws\"]",
      "instances": [
        {
          "schema_version": 0,
          "attributes": {
            "arn": "arn:aws:kms:us-east-1:824563723839:key/50f0c9c4-0c05-47d7-90d0-39a9c2a8ba3b",
            "bypass_policy_lockout_safety_check": false,
            "customer_master_key_spec": "SYMMETRIC_DEFAULT",
            "deletion_window_in_days": null,
            "description": "kms key for artifacts",
            "enable_key_rotation": false,
            "id": "50f0c9c4-0c05-47d7-90d0-39a9c2a8ba3b",
            "is_enabled": true,
            "key_id": "50f0c9c4-0c05-47d7-90d0-39a9c2a8ba3b",
            "key_usage": "ENCRYPT_DECRYPT",
            "multi_region": false,
            "policy": "{\n  \"Version\": \"2012-10-17\",\n  \"Id\": \"key-default-1\",\n  \"Statement\": [\n    {\n      \"Sid\": \"Enable IAM User Permissions\",\n      \"Effect\": \"Allow\",\n      \"Action\": \"kms:*\",\n      \"Resource\": \"*\",\n      \"Principal\": {\n        \"AWS\": \"arn:aws:iam::824563723839:root\"\n      }\n    }\n  ]\n}",
            "tags": {
              "Department": "Engineering"
            },
            "tags_all": {
              "Department": "Engineering"
            }
          },
          "sensitive_attributes": [],
          "private": "bnVsbA==",
          "dependencies": [
            "module.base_infra.data.aws_iam_policy_document.artifacts-kms-policy"
          ]
        }
      ]
    },
    {
      "module": "module.base_infra",
      "mode": "managed",
      "type": "aws_s3_bucket",
      "name": "artifacts",
      "provider": "provider[\"registry.terraform.io/hashicorp/aws\"]",
      "instances": [
        {
          "schema_version": 0,
          "attributes": {
            "acceleration_status": "",
            "acl": null,
            "arn": "arn:aws:s3:::test-artifacts-zj1x6dz9",
            "bucket": "test-artifacts-zj1x6dz9",
            "bucket_domain_name": "test-artifacts-zj1x6dz9.s3.amazonaws.com",
            "bucket_prefix": null,
            "bucket_regional_domain_name": "test-artifacts-zj1x6dz9.s3.amazonaws.com",
            "cors_rule": [],
            "force_destroy": true,
            "grant": [
              {
                "id": "1da55bf8cc1d8b1765db374e7457016fdeaeb63dcc40d51e9fecbe46e5e49955",
                "permissions": [
                  "FULL_CONTROL"
                ],
                "type": "CanonicalUser",
                "uri": ""
              }
            ],
            "hosted_zone_id": "Z3AQBSTGFYJSTF",
            "id": "test-artifacts-zj1x6dz9",
            "lifecycle_rule": [],
            "logging": [],
            "object_lock_configuration": [],
            "object_lock_enabled": false,
            "policy": "",
            "region": "us-east-1",
            "replication_configuration": [],
            "request_payer": "BucketOwner",
            "server_side_encryption_configuration": [],
            "tags": {
              "Department": "Engineering"
            },
            "tags_all": {
              "Department": "Engineering"
            },
            "versioning": [
              {
                "enabled": false,
                "mfa_delete": false
              }
            ],
            "website": [],
            "website_domain": null,
            "website_endpoint": null
          },
          "sensitive_attributes": [],
          "private": "bnVsbA==",
          "dependencies": [
            "module.base_infra.random_string.random"
          ]
        }
      ]
    },
    {
      "module": "module.base_infra",
      "mode": "managed",
      "type": "aws_s3_bucket_acl",
      "name": "artifacts",
      "provider": "provider[\"registry.terraform.io/hashicorp/aws\"]",
      "instances": [
        {
          "schema_version": 0,
          "attributes": {
            "access_control_policy": [
              {
                "grant": [
                  {
                    "grantee": [
                      {
                        "display_name": "arun.gla",
                        "email_address": "",
                        "id": "1da55bf8cc1d8b1765db374e7457016fdeaeb63dcc40d51e9fecbe46e5e49955",
                        "type": "CanonicalUser",
                        "uri": ""
                      }
                    ],
                    "permission": "FULL_CONTROL"
                  }
                ],
                "owner": [
                  {
                    "display_name": "arun.gla",
                    "id": "1da55bf8cc1d8b1765db374e7457016fdeaeb63dcc40d51e9fecbe46e5e49955"
                  }
                ]
              }
            ],
            "acl": "private",
            "bucket": "test-artifacts-zj1x6dz9",
            "expected_bucket_owner": "",
            "id": "test-artifacts-zj1x6dz9,private"
          },
          "sensitive_attributes": [],
          "private": "bnVsbA==",
          "dependencies": [
            "module.base_infra.aws_s3_bucket.artifacts",
            "module.base_infra.random_string.random"
          ]
        }
      ]
    },
    {
      "module": "module.base_infra",
      "mode": "managed",
      "type": "aws_security_group",
      "name": "ecsinfra-alb_sg",
      "provider": "provider[\"registry.terraform.io/hashicorp/aws\"]",
      "instances": [
        {
          "schema_version": 1,
          "attributes": {
            "arn": "arn:aws:ec2:us-east-1:824563723839:security-group/sg-0752046a8ac9647c9",
            "description": "controls access to the ALB",
            "egress": [
              {
                "cidr_blocks": [
                  "0.0.0.0/0"
                ],
                "description": "",
                "from_port": 0,
                "ipv6_cidr_blocks": [],
                "prefix_list_ids": [],
                "protocol": "-1",
                "security_groups": [],
                "self": false,
                "to_port": 0
              }
            ],
            "id": "sg-0752046a8ac9647c9",
            "ingress": [
              {
                "cidr_blocks": [
                  "0.0.0.0/0"
                ],
                "description": "",
                "from_port": 80,
                "ipv6_cidr_blocks": [],
                "prefix_list_ids": [],
                "protocol": "tcp",
                "security_groups": [],
                "self": false,
                "to_port": 80
              }
            ],
            "name": "test-load-balancer-security-group",
            "name_prefix": "",
            "owner_id": "824563723839",
            "revoke_rules_on_delete": false,
            "tags": {
              "Department": "Engineering"
            },
            "tags_all": {
              "Department": "Engineering"
            },
            "timeouts": null,
            "vpc_id": "vpc-0106e9eb8bd3a88a5"
          },
          "sensitive_attributes": [],
          "private": "eyJlMmJmYjczMC1lY2FhLTExZTYtOGY4OC0zNDM2M2JjN2M0YzAiOnsiY3JlYXRlIjo2MDAwMDAwMDAwMDAsImRlbGV0ZSI6OTAwMDAwMDAwMDAwfSwic2NoZW1hX3ZlcnNpb24iOiIxIn0=",
          "dependencies": [
            "module.base_infra.aws_vpc.ecsinfra-vpc",
            "module.database_infra.aws_vpc.db-vpc"
          ]
        }
      ]
    },
    {
      "module": "module.base_infra",
      "mode": "managed",
      "type": "aws_security_group",
      "name": "ecsinfra-ecs_sg",
      "provider": "provider[\"registry.terraform.io/hashicorp/aws\"]",
      "instances": [
        {
          "schema_version": 1,
          "attributes": {
            "arn": "arn:aws:ec2:us-east-1:824563723839:security-group/sg-0a24d0f832ef67064",
            "description": "allow inbound access from the ALB only",
            "egress": [
              {
                "cidr_blocks": [
                  "0.0.0.0/0"
                ],
                "description": "",
                "from_port": 0,
                "ipv6_cidr_blocks": [],
                "prefix_list_ids": [],
                "protocol": "-1",
                "security_groups": [],
                "self": false,
                "to_port": 0
              }
            ],
            "id": "sg-0a24d0f832ef67064",
            "ingress": [
              {
                "cidr_blocks": [],
                "description": "",
                "from_port": 0,
                "ipv6_cidr_blocks": [],
                "prefix_list_ids": [],
                "protocol": "-1",
                "security_groups": [
                  "sg-0752046a8ac9647c9"
                ],
                "self": false,
                "to_port": 0
              }
            ],
            "name": "ecs-tasks-security-group",
            "name_prefix": "",
            "owner_id": "824563723839",
            "revoke_rules_on_delete": false,
            "tags": {
              "Department": "Engineering"
            },
            "tags_all": {
              "Department": "Engineering"
            },
            "timeouts": null,
            "vpc_id": "vpc-0106e9eb8bd3a88a5"
          },
          "sensitive_attributes": [],
          "private": "eyJlMmJmYjczMC1lY2FhLTExZTYtOGY4OC0zNDM2M2JjN2M0YzAiOnsiY3JlYXRlIjo2MDAwMDAwMDAwMDAsImRlbGV0ZSI6OTAwMDAwMDAwMDAwfSwic2NoZW1hX3ZlcnNpb24iOiIxIn0=",
          "dependencies": [
            "module.base_infra.aws_security_group.ecsinfra-alb_sg",
            "module.base_infra.aws_vpc.ecsinfra-vpc",
            "module.database_infra.aws_vpc.db-vpc"
          ]
        }
      ]
    },
    {
      "module": "module.base_infra",
      "mode": "managed",
      "type": "aws_security_group_rule",
      "name": "default-rule",
      "provider": "provider[\"registry.terraform.io/hashicorp/aws\"]",
      "instances": [
        {
          "index_key": 0,
          "schema_version": 2,
          "attributes": {
            "cidr_blocks": null,
            "description": null,
            "from_port": 0,
            "id": "sgrule-2041170018",
            "ipv6_cidr_blocks": null,
            "prefix_list_ids": null,
            "protocol": "tcp",
            "security_group_id": "sg-044c1e5dfb0175076",
            "self": false,
            "source_security_group_id": "sg-0a24d0f832ef67064",
            "to_port": 65535,
            "type": "ingress"
          },
          "sensitive_attributes": [],
          "private": "eyJzY2hlbWFfdmVyc2lvbiI6IjIifQ==",
          "dependencies": [
            "module.base_infra.aws_security_group.ecsinfra-alb_sg",
            "module.base_infra.aws_security_group.ecsinfra-ecs_sg",
            "module.base_infra.aws_vpc.ecsinfra-vpc",
            "module.database_infra.aws_security_group.db-sg",
            "module.database_infra.aws_vpc.db-vpc"
          ]
        }
      ]
    },
    {
      "module": "module.base_infra",
      "mode": "managed",
      "type": "aws_service_discovery_private_dns_namespace",
      "name": "service_discovery_ns",
      "provider": "provider[\"registry.terraform.io/hashicorp/aws\"]",
      "instances": [
        {
          "schema_version": 0,
          "attributes": {
            "arn": "arn:aws:servicediscovery:us-east-1:824563723839:namespace/ns-jnmonzoamzqpr7th",
            "description": "service discovery for ecs services ",
            "hosted_zone": "Z06988822L0RL5LF8CTY0",
            "id": "ns-jnmonzoamzqpr7th",
            "name": "test-ecs",
            "tags": {
              "Department": "Engineering"
            },
            "tags_all": {
              "Department": "Engineering"
            },
            "vpc": "vpc-0106e9eb8bd3a88a5"
          },
          "sensitive_attributes": [],
          "private": "bnVsbA==",
          "dependencies": [
            "module.base_infra.aws_vpc.ecsinfra-vpc",
            "module.database_infra.aws_vpc.db-vpc"
          ]
        }
      ]
    },
    {
      "module": "module.base_infra",
      "mode": "managed",
      "type": "random_string",
      "name": "random",
      "provider": "provider[\"registry.terraform.io/hashicorp/random\"]",
      "instances": [
        {
          "schema_version": 2,
          "attributes": {
            "id": "zj1x6dz9",
            "keepers": null,
            "length": 8,
            "lower": true,
            "min_lower": 0,
            "min_numeric": 0,
            "min_special": 0,
            "min_upper": 0,
            "number": true,
            "numeric": true,
            "override_special": null,
            "result": "zj1x6dz9",
            "special": false,
            "upper": false
          },
          "sensitive_attributes": []
        }
      ]
    },
    {
      "module": "module.database_infra[0]",
      "mode": "data",
      "type": "aws_availability_zones",
      "name": "available",
      "provider": "provider[\"registry.terraform.io/hashicorp/aws\"]",
      "instances": [
        {
          "schema_version": 0,
          "attributes": {
            "all_availability_zones": null,
            "exclude_names": null,
            "exclude_zone_ids": null,
            "filter": null,
            "group_names": [
              "us-east-1"
            ],
            "id": "us-east-1",
            "names": [
              "us-east-1a",
              "us-east-1b",
              "us-east-1c",
              "us-east-1d",
              "us-east-1e",
              "us-east-1f"
            ],
            "state": null,
            "zone_ids": [
              "use1-az1",
              "use1-az2",
              "use1-az4",
              "use1-az6",
              "use1-az3",
              "use1-az5"
            ]
          },
          "sensitive_attributes": []
        }
      ]
    },
    {
      "module": "module.database_infra[0]",
      "mode": "data",
      "type": "aws_region",
      "name": "current",
      "provider": "provider[\"registry.terraform.io/hashicorp/aws\"]",
      "instances": [
        {
          "schema_version": 0,
          "attributes": {
            "description": "US East (N. Virginia)",
            "endpoint": "ec2.us-east-1.amazonaws.com",
            "id": "us-east-1",
            "name": "us-east-1"
          },
          "sensitive_attributes": []
        }
      ]
    },
    {
      "module": "module.database_infra[0]",
      "mode": "managed",
      "type": "aws_db_instance",
      "name": "db-instance",
      "provider": "provider[\"registry.terraform.io/hashicorp/aws\"]",
      "instances": [
        {
          "schema_version": 1,
          "attributes": {
            "address": "test-db.c5iefltkocjr.us-east-1.rds.amazonaws.com",
            "allocated_storage": 5,
            "allow_major_version_upgrade": null,
            "apply_immediately": null,
            "arn": "arn:aws:rds:us-east-1:824563723839:db:test-db",
            "auto_minor_version_upgrade": true,
            "availability_zone": "us-east-1b",
            "backup_retention_period": 0,
            "backup_window": "09:40-10:10",
            "ca_cert_identifier": "rds-ca-2019",
            "character_set_name": "",
            "copy_tags_to_snapshot": false,
            "customer_owned_ip_enabled": false,
            "db_name": "testdb",
            "db_subnet_group_name": "db-group",
            "delete_automated_backups": true,
            "deletion_protection": false,
            "domain": "",
            "domain_iam_role_name": "",
            "enabled_cloudwatch_logs_exports": null,
            "endpoint": "test-db.c5iefltkocjr.us-east-1.rds.amazonaws.com:5432",
            "engine": "postgres",
            "engine_version": "13.7",
            "engine_version_actual": "13.7",
            "final_snapshot_identifier": null,
            "hosted_zone_id": "Z2R2ITUGPM61AM",
            "iam_database_authentication_enabled": false,
            "id": "test-db",
            "identifier": "test-db",
            "identifier_prefix": "",
            "instance_class": "db.t3.medium",
            "iops": 0,
            "kms_key_id": "",
            "latest_restorable_time": "0001-01-01T00:00:00Z",
            "license_model": "postgresql-license",
            "maintenance_window": "mon:07:50-mon:08:20",
            "max_allocated_storage": 50,
            "monitoring_interval": 0,
            "monitoring_role_arn": "",
            "multi_az": false,
            "name": "testdb",
            "nchar_character_set_name": "",
            "option_group_name": "default:postgres-13",
            "parameter_group_name": "default.postgres13",
            "password": "NieXoo4Ae*ke",
            "performance_insights_enabled": false,
            "performance_insights_kms_key_id": "",
            "performance_insights_retention_period": 0,
            "port": 5432,
            "publicly_accessible": false,
            "replica_mode": "",
            "replicas": [],
            "replicate_source_db": "",
            "resource_id": "db-CWYDTFRKHPD77QAMAS5LJCSA4E",
            "restore_to_point_in_time": [],
            "s3_import": [],
            "security_group_names": null,
            "skip_final_snapshot": true,
            "snapshot_identifier": null,
            "status": "available",
            "storage_encrypted": false,
            "storage_type": "gp2",
            "tags": {
              "Department": "Engineering"
            },
            "tags_all": {
              "Department": "Engineering"
            },
            "timeouts": null,
            "timezone": "",
            "username": "testadmin",
            "vpc_security_group_ids": [
              "sg-044c1e5dfb0175076"
            ]
          },
          "sensitive_attributes": [
            [
              {
                "type": "get_attr",
                "value": "username"
              }
            ],
            [
              {
                "type": "get_attr",
                "value": "db_name"
              }
            ],
            [
              {
                "type": "get_attr",
                "value": "password"
              }
            ]
          ],
          "private": "eyJlMmJmYjczMC1lY2FhLTExZTYtOGY4OC0zNDM2M2JjN2M0YzAiOnsiY3JlYXRlIjoyNDAwMDAwMDAwMDAwLCJkZWxldGUiOjM2MDAwMDAwMDAwMDAsInVwZGF0ZSI6NDgwMDAwMDAwMDAwMH0sInNjaGVtYV92ZXJzaW9uIjoiMSJ9",
          "dependencies": [
            "module.database_infra.aws_db_subnet_group.db-group",
            "module.database_infra.aws_security_group.db-sg",
            "module.database_infra.aws_subnet.db-private_subnet",
            "module.database_infra.aws_vpc.db-vpc",
            "module.database_infra.data.aws_availability_zones.available"
          ]
        }
      ]
    },
    {
      "module": "module.database_infra[0]",
      "mode": "managed",
      "type": "aws_db_subnet_group",
      "name": "db-group",
      "provider": "provider[\"registry.terraform.io/hashicorp/aws\"]",
      "instances": [
        {
          "schema_version": 0,
          "attributes": {
            "arn": "arn:aws:rds:us-east-1:824563723839:subgrp:db-group",
            "description": "Managed by Terraform",
            "id": "db-group",
            "name": "db-group",
            "name_prefix": null,
            "subnet_ids": [
              "subnet-055dddfb182d54216",
              "subnet-087ccf30db5ebb559"
            ],
            "tags": null,
            "tags_all": {}
          },
          "sensitive_attributes": [],
          "private": "bnVsbA==",
          "dependencies": [
            "module.database_infra.aws_subnet.db-private_subnet",
            "module.database_infra.aws_vpc.db-vpc",
            "module.database_infra.data.aws_availability_zones.available"
          ]
        }
      ]
    },
    {
      "module": "module.database_infra[0]",
      "mode": "managed",
      "type": "aws_eip",
      "name": "db-eip",
      "provider": "provider[\"registry.terraform.io/hashicorp/aws\"]",
      "instances": [
        {
          "index_key": 0,
          "schema_version": 0,
          "attributes": {
            "address": null,
            "allocation_id": "eipalloc-0c04439f41ca248f5",
            "associate_with_private_ip": null,
            "association_id": "",
            "carrier_ip": "",
            "customer_owned_ip": "",
            "customer_owned_ipv4_pool": "",
            "domain": "vpc",
            "id": "eipalloc-0c04439f41ca248f5",
            "instance": "",
            "network_border_group": "us-east-1",
            "network_interface": "",
            "private_dns": null,
            "private_ip": "",
            "public_dns": "ec2-34-238-47-167.compute-1.amazonaws.com",
            "public_ip": "34.238.47.167",
            "public_ipv4_pool": "amazon",
            "tags": {
              "Department": "Engineering"
            },
            "tags_all": {
              "Department": "Engineering"
            },
            "timeouts": null,
            "vpc": true
          },
          "sensitive_attributes": [],
          "private": "eyJlMmJmYjczMC1lY2FhLTExZTYtOGY4OC0zNDM2M2JjN2M0YzAiOnsiZGVsZXRlIjoxODAwMDAwMDAwMDAsInJlYWQiOjkwMDAwMDAwMDAwMCwidXBkYXRlIjozMDAwMDAwMDAwMDB9fQ==",
          "dependencies": [
            "module.database_infra.aws_internet_gateway.db-igw",
            "module.database_infra.aws_vpc.db-vpc"
          ]
        },
        {
          "index_key": 1,
          "schema_version": 0,
          "attributes": {
            "address": null,
            "allocation_id": "eipalloc-026d6de5ab7b9cd83",
            "associate_with_private_ip": null,
            "association_id": "",
            "carrier_ip": "",
            "customer_owned_ip": "",
            "customer_owned_ipv4_pool": "",
            "domain": "vpc",
            "id": "eipalloc-026d6de5ab7b9cd83",
            "instance": "",
            "network_border_group": "us-east-1",
            "network_interface": "",
            "private_dns": null,
            "private_ip": "",
            "public_dns": "ec2-52-44-239-111.compute-1.amazonaws.com",
            "public_ip": "52.44.239.111",
            "public_ipv4_pool": "amazon",
            "tags": {
              "Department": "Engineering"
            },
            "tags_all": {
              "Department": "Engineering"
            },
            "timeouts": null,
            "vpc": true
          },
          "sensitive_attributes": [],
          "private": "eyJlMmJmYjczMC1lY2FhLTExZTYtOGY4OC0zNDM2M2JjN2M0YzAiOnsiZGVsZXRlIjoxODAwMDAwMDAwMDAsInJlYWQiOjkwMDAwMDAwMDAwMCwidXBkYXRlIjozMDAwMDAwMDAwMDB9fQ==",
          "dependencies": [
            "module.database_infra.aws_internet_gateway.db-igw",
            "module.database_infra.aws_vpc.db-vpc"
          ]
        }
      ]
    },
    {
      "module": "module.database_infra[0]",
      "mode": "managed",
      "type": "aws_internet_gateway",
      "name": "db-igw",
      "provider": "provider[\"registry.terraform.io/hashicorp/aws\"]",
      "instances": [
        {
          "schema_version": 0,
          "attributes": {
            "arn": "arn:aws:ec2:us-east-1:824563723839:internet-gateway/igw-0aab79f1bffbc1dc4",
            "id": "igw-0aab79f1bffbc1dc4",
            "owner_id": "824563723839",
            "tags": {
              "Department": "Engineering"
            },
            "tags_all": {
              "Department": "Engineering"
            },
            "vpc_id": "vpc-0106e9eb8bd3a88a5"
          },
          "sensitive_attributes": [],
          "private": "bnVsbA==",
          "dependencies": [
            "module.database_infra.aws_vpc.db-vpc"
          ]
        }
      ]
    },
    {
      "module": "module.database_infra[0]",
      "mode": "managed",
      "type": "aws_nat_gateway",
      "name": "db-natgw",
      "provider": "provider[\"registry.terraform.io/hashicorp/aws\"]",
      "instances": [
        {
          "index_key": 0,
          "schema_version": 0,
          "attributes": {
            "allocation_id": "eipalloc-0c04439f41ca248f5",
            "connectivity_type": "public",
            "id": "nat-05ad4a2e75be22f9c",
            "network_interface_id": "eni-030ac6ddfbcfedd3d",
            "private_ip": "10.0.2.8",
            "public_ip": "34.238.47.167",
            "subnet_id": "subnet-036681a0318e61694",
            "tags": {
              "Department": "Engineering"
            },
            "tags_all": {
              "Department": "Engineering"
            }
          },
          "sensitive_attributes": [],
          "private": "bnVsbA==",
          "dependencies": [
            "module.database_infra.aws_eip.db-eip",
            "module.database_infra.aws_internet_gateway.db-igw",
            "module.database_infra.aws_subnet.db-public_subnet",
            "module.database_infra.aws_vpc.db-vpc",
            "module.database_infra.data.aws_availability_zones.available"
          ]
        },
        {
          "index_key": 1,
          "schema_version": 0,
          "attributes": {
            "allocation_id": "eipalloc-026d6de5ab7b9cd83",
            "connectivity_type": "public",
            "id": "nat-07b63c877c7bfd1ff",
            "network_interface_id": "eni-0954d35d33a044252",
            "private_ip": "10.0.3.139",
            "public_ip": "52.44.239.111",
            "subnet_id": "subnet-0d46a205f3ac0cb47",
            "tags": {
              "Department": "Engineering"
            },
            "tags_all": {
              "Department": "Engineering"
            }
          },
          "sensitive_attributes": [],
          "private": "bnVsbA==",
          "dependencies": [
            "module.database_infra.aws_eip.db-eip",
            "module.database_infra.aws_internet_gateway.db-igw",
            "module.database_infra.aws_subnet.db-public_subnet",
            "module.database_infra.aws_vpc.db-vpc",
            "module.database_infra.data.aws_availability_zones.available"
          ]
        }
      ]
    },
    {
      "module": "module.database_infra[0]",
      "mode": "managed",
      "type": "aws_route",
      "name": "db-internet_access",
      "provider": "provider[\"registry.terraform.io/hashicorp/aws\"]",
      "instances": [
        {
          "schema_version": 0,
          "attributes": {
            "carrier_gateway_id": "",
            "core_network_arn": "",
            "destination_cidr_block": "0.0.0.0/0",
            "destination_ipv6_cidr_block": "",
            "destination_prefix_list_id": "",
            "egress_only_gateway_id": "",
            "gateway_id": "igw-0aab79f1bffbc1dc4",
            "id": "r-rtb-0e2a438e62a09ca911080289494",
            "instance_id": "",
            "instance_owner_id": "",
            "local_gateway_id": "",
            "nat_gateway_id": "",
            "network_interface_id": "",
            "origin": "CreateRoute",
            "route_table_id": "rtb-0e2a438e62a09ca91",
            "state": "active",
            "timeouts": null,
            "transit_gateway_id": "",
            "vpc_endpoint_id": "",
            "vpc_peering_connection_id": ""
          },
          "sensitive_attributes": [],
          "private": "eyJlMmJmYjczMC1lY2FhLTExZTYtOGY4OC0zNDM2M2JjN2M0YzAiOnsiY3JlYXRlIjozMDAwMDAwMDAwMDAsImRlbGV0ZSI6MzAwMDAwMDAwMDAwLCJ1cGRhdGUiOjEyMDAwMDAwMDAwMH19",
          "dependencies": [
            "module.database_infra.aws_internet_gateway.db-igw",
            "module.database_infra.aws_vpc.db-vpc"
          ]
        }
      ]
    },
    {
      "module": "module.database_infra[0]",
      "mode": "managed",
      "type": "aws_route_table",
      "name": "db-private_rt",
      "provider": "provider[\"registry.terraform.io/hashicorp/aws\"]",
      "instances": [
        {
          "index_key": 0,
          "schema_version": 0,
          "attributes": {
            "arn": "arn:aws:ec2:us-east-1:824563723839:route-table/rtb-06f859c5a6437c511",
            "id": "rtb-06f859c5a6437c511",
            "owner_id": "824563723839",
            "propagating_vgws": [],
            "route": [
              {
                "carrier_gateway_id": "",
                "cidr_block": "0.0.0.0/0",
                "core_network_arn": "",
                "destination_prefix_list_id": "",
                "egress_only_gateway_id": "",
                "gateway_id": "",
                "instance_id": "",
                "ipv6_cidr_block": "",
                "local_gateway_id": "",
                "nat_gateway_id": "nat-05ad4a2e75be22f9c",
                "network_interface_id": "",
                "transit_gateway_id": "",
                "vpc_endpoint_id": "",
                "vpc_peering_connection_id": ""
              }
            ],
            "tags": {
              "Department": "Engineering"
            },
            "tags_all": {
              "Department": "Engineering"
            },
            "timeouts": null,
            "vpc_id": "vpc-0106e9eb8bd3a88a5"
          },
          "sensitive_attributes": [],
          "private": "eyJlMmJmYjczMC1lY2FhLTExZTYtOGY4OC0zNDM2M2JjN2M0YzAiOnsiY3JlYXRlIjozMDAwMDAwMDAwMDAsImRlbGV0ZSI6MzAwMDAwMDAwMDAwLCJ1cGRhdGUiOjEyMDAwMDAwMDAwMH19",
          "dependencies": [
            "module.database_infra.aws_eip.db-eip",
            "module.database_infra.aws_internet_gateway.db-igw",
            "module.database_infra.aws_nat_gateway.db-natgw",
            "module.database_infra.aws_subnet.db-public_subnet",
            "module.database_infra.aws_vpc.db-vpc",
            "module.database_infra.data.aws_availability_zones.available"
          ]
        },
        {
          "index_key": 1,
          "schema_version": 0,
          "attributes": {
            "arn": "arn:aws:ec2:us-east-1:824563723839:route-table/rtb-0fab9e5d3d9eef2e5",
            "id": "rtb-0fab9e5d3d9eef2e5",
            "owner_id": "824563723839",
            "propagating_vgws": [],
            "route": [
              {
                "carrier_gateway_id": "",
                "cidr_block": "0.0.0.0/0",
                "core_network_arn": "",
                "destination_prefix_list_id": "",
                "egress_only_gateway_id": "",
                "gateway_id": "",
                "instance_id": "",
                "ipv6_cidr_block": "",
                "local_gateway_id": "",
                "nat_gateway_id": "nat-07b63c877c7bfd1ff",
                "network_interface_id": "",
                "transit_gateway_id": "",
                "vpc_endpoint_id": "",
                "vpc_peering_connection_id": ""
              }
            ],
            "tags": {
              "Department": "Engineering"
            },
            "tags_all": {
              "Department": "Engineering"
            },
            "timeouts": null,
            "vpc_id": "vpc-0106e9eb8bd3a88a5"
          },
          "sensitive_attributes": [],
          "private": "eyJlMmJmYjczMC1lY2FhLTExZTYtOGY4OC0zNDM2M2JjN2M0YzAiOnsiY3JlYXRlIjozMDAwMDAwMDAwMDAsImRlbGV0ZSI6MzAwMDAwMDAwMDAwLCJ1cGRhdGUiOjEyMDAwMDAwMDAwMH19",
          "dependencies": [
            "module.database_infra.aws_eip.db-eip",
            "module.database_infra.aws_internet_gateway.db-igw",
            "module.database_infra.aws_nat_gateway.db-natgw",
            "module.database_infra.aws_subnet.db-public_subnet",
            "module.database_infra.aws_vpc.db-vpc",
            "module.database_infra.data.aws_availability_zones.available"
          ]
        }
      ]
    },
    {
      "module": "module.database_infra[0]",
      "mode": "managed",
      "type": "aws_route_table_association",
      "name": "db-private_rt_assgn",
      "provider": "provider[\"registry.terraform.io/hashicorp/aws\"]",
      "instances": [
        {
          "index_key": 0,
          "schema_version": 0,
          "attributes": {
            "gateway_id": "",
            "id": "rtbassoc-041a59b4f664528e3",
            "route_table_id": "rtb-06f859c5a6437c511",
            "subnet_id": "subnet-055dddfb182d54216"
          },
          "sensitive_attributes": [],
          "private": "bnVsbA==",
          "dependencies": [
            "module.database_infra.aws_eip.db-eip",
            "module.database_infra.aws_internet_gateway.db-igw",
            "module.database_infra.aws_nat_gateway.db-natgw",
            "module.database_infra.aws_route_table.db-private_rt",
            "module.database_infra.aws_subnet.db-private_subnet",
            "module.database_infra.aws_subnet.db-public_subnet",
            "module.database_infra.aws_vpc.db-vpc",
            "module.database_infra.data.aws_availability_zones.available"
          ]
        },
        {
          "index_key": 1,
          "schema_version": 0,
          "attributes": {
            "gateway_id": "",
            "id": "rtbassoc-0e7445abaee933c8b",
            "route_table_id": "rtb-0fab9e5d3d9eef2e5",
            "subnet_id": "subnet-087ccf30db5ebb559"
          },
          "sensitive_attributes": [],
          "private": "bnVsbA==",
          "dependencies": [
            "module.database_infra.aws_eip.db-eip",
            "module.database_infra.aws_internet_gateway.db-igw",
            "module.database_infra.aws_nat_gateway.db-natgw",
            "module.database_infra.aws_route_table.db-private_rt",
            "module.database_infra.aws_subnet.db-private_subnet",
            "module.database_infra.aws_subnet.db-public_subnet",
            "module.database_infra.aws_vpc.db-vpc",
            "module.database_infra.data.aws_availability_zones.available"
          ]
        }
      ]
    },
    {
      "module": "module.database_infra[0]",
      "mode": "managed",
      "type": "aws_security_group",
      "name": "db-sg",
      "provider": "provider[\"registry.terraform.io/hashicorp/aws\"]",
      "instances": [
        {
          "schema_version": 1,
          "attributes": {
            "arn": "arn:aws:ec2:us-east-1:824563723839:security-group/sg-044c1e5dfb0175076",
            "description": "rds security group for test",
            "egress": [],
            "id": "sg-044c1e5dfb0175076",
            "ingress": [],
            "name": "test-db",
            "name_prefix": "",
            "owner_id": "824563723839",
            "revoke_rules_on_delete": false,
            "tags": null,
            "tags_all": {},
            "timeouts": null,
            "vpc_id": "vpc-0106e9eb8bd3a88a5"
          },
          "sensitive_attributes": [],
          "private": "eyJlMmJmYjczMC1lY2FhLTExZTYtOGY4OC0zNDM2M2JjN2M0YzAiOnsiY3JlYXRlIjo2MDAwMDAwMDAwMDAsImRlbGV0ZSI6OTAwMDAwMDAwMDAwfSwic2NoZW1hX3ZlcnNpb24iOiIxIn0=",
          "dependencies": [
            "module.database_infra.aws_vpc.db-vpc"
          ]
        }
      ]
    },
    {
      "module": "module.database_infra[0]",
      "mode": "managed",
      "type": "aws_subnet",
      "name": "db-private_subnet",
      "provider": "provider[\"registry.terraform.io/hashicorp/aws\"]",
      "instances": [
        {
          "index_key": 0,
          "schema_version": 1,
          "attributes": {
            "arn": "arn:aws:ec2:us-east-1:824563723839:subnet/subnet-055dddfb182d54216",
            "assign_ipv6_address_on_creation": false,
            "availability_zone": "us-east-1a",
            "availability_zone_id": "use1-az1",
            "cidr_block": "10.0.0.0/24",
            "customer_owned_ipv4_pool": "",
            "enable_dns64": false,
            "enable_resource_name_dns_a_record_on_launch": false,
            "enable_resource_name_dns_aaaa_record_on_launch": false,
            "id": "subnet-055dddfb182d54216",
            "ipv6_cidr_block": "",
            "ipv6_cidr_block_association_id": "",
            "ipv6_native": false,
            "map_customer_owned_ip_on_launch": false,
            "map_public_ip_on_launch": false,
            "outpost_arn": "",
            "owner_id": "824563723839",
            "private_dns_hostname_type_on_launch": "ip-name",
            "tags": {
              "Department": "Engineering"
            },
            "tags_all": {
              "Department": "Engineering"
            },
            "timeouts": null,
            "vpc_id": "vpc-0106e9eb8bd3a88a5"
          },
          "sensitive_attributes": [],
          "private": "eyJlMmJmYjczMC1lY2FhLTExZTYtOGY4OC0zNDM2M2JjN2M0YzAiOnsiY3JlYXRlIjo2MDAwMDAwMDAwMDAsImRlbGV0ZSI6MTIwMDAwMDAwMDAwMH0sInNjaGVtYV92ZXJzaW9uIjoiMSJ9",
          "dependencies": [
            "module.database_infra.aws_vpc.db-vpc",
            "module.database_infra.data.aws_availability_zones.available"
          ]
        },
        {
          "index_key": 1,
          "schema_version": 1,
          "attributes": {
            "arn": "arn:aws:ec2:us-east-1:824563723839:subnet/subnet-087ccf30db5ebb559",
            "assign_ipv6_address_on_creation": false,
            "availability_zone": "us-east-1b",
            "availability_zone_id": "use1-az2",
            "cidr_block": "10.0.1.0/24",
            "customer_owned_ipv4_pool": "",
            "enable_dns64": false,
            "enable_resource_name_dns_a_record_on_launch": false,
            "enable_resource_name_dns_aaaa_record_on_launch": false,
            "id": "subnet-087ccf30db5ebb559",
            "ipv6_cidr_block": "",
            "ipv6_cidr_block_association_id": "",
            "ipv6_native": false,
            "map_customer_owned_ip_on_launch": false,
            "map_public_ip_on_launch": false,
            "outpost_arn": "",
            "owner_id": "824563723839",
            "private_dns_hostname_type_on_launch": "ip-name",
            "tags": {
              "Department": "Engineering"
            },
            "tags_all": {
              "Department": "Engineering"
            },
            "timeouts": null,
            "vpc_id": "vpc-0106e9eb8bd3a88a5"
          },
          "sensitive_attributes": [],
          "private": "eyJlMmJmYjczMC1lY2FhLTExZTYtOGY4OC0zNDM2M2JjN2M0YzAiOnsiY3JlYXRlIjo2MDAwMDAwMDAwMDAsImRlbGV0ZSI6MTIwMDAwMDAwMDAwMH0sInNjaGVtYV92ZXJzaW9uIjoiMSJ9",
          "dependencies": [
            "module.database_infra.aws_vpc.db-vpc",
            "module.database_infra.data.aws_availability_zones.available"
          ]
        }
      ]
    },
    {
      "module": "module.database_infra[0]",
      "mode": "managed",
      "type": "aws_subnet",
      "name": "db-public_subnet",
      "provider": "provider[\"registry.terraform.io/hashicorp/aws\"]",
      "instances": [
        {
          "index_key": 0,
          "schema_version": 1,
          "attributes": {
            "arn": "arn:aws:ec2:us-east-1:824563723839:subnet/subnet-036681a0318e61694",
            "assign_ipv6_address_on_creation": false,
            "availability_zone": "us-east-1a",
            "availability_zone_id": "use1-az1",
            "cidr_block": "10.0.2.0/24",
            "customer_owned_ipv4_pool": "",
            "enable_dns64": false,
            "enable_resource_name_dns_a_record_on_launch": false,
            "enable_resource_name_dns_aaaa_record_on_launch": false,
            "id": "subnet-036681a0318e61694",
            "ipv6_cidr_block": "",
            "ipv6_cidr_block_association_id": "",
            "ipv6_native": false,
            "map_customer_owned_ip_on_launch": false,
            "map_public_ip_on_launch": true,
            "outpost_arn": "",
            "owner_id": "824563723839",
            "private_dns_hostname_type_on_launch": "ip-name",
            "tags": {
              "Department": "Engineering"
            },
            "tags_all": {
              "Department": "Engineering"
            },
            "timeouts": null,
            "vpc_id": "vpc-0106e9eb8bd3a88a5"
          },
          "sensitive_attributes": [],
          "private": "eyJlMmJmYjczMC1lY2FhLTExZTYtOGY4OC0zNDM2M2JjN2M0YzAiOnsiY3JlYXRlIjo2MDAwMDAwMDAwMDAsImRlbGV0ZSI6MTIwMDAwMDAwMDAwMH0sInNjaGVtYV92ZXJzaW9uIjoiMSJ9",
          "dependencies": [
            "module.database_infra.aws_vpc.db-vpc",
            "module.database_infra.data.aws_availability_zones.available"
          ]
        },
        {
          "index_key": 1,
          "schema_version": 1,
          "attributes": {
            "arn": "arn:aws:ec2:us-east-1:824563723839:subnet/subnet-0d46a205f3ac0cb47",
            "assign_ipv6_address_on_creation": false,
            "availability_zone": "us-east-1b",
            "availability_zone_id": "use1-az2",
            "cidr_block": "10.0.3.0/24",
            "customer_owned_ipv4_pool": "",
            "enable_dns64": false,
            "enable_resource_name_dns_a_record_on_launch": false,
            "enable_resource_name_dns_aaaa_record_on_launch": false,
            "id": "subnet-0d46a205f3ac0cb47",
            "ipv6_cidr_block": "",
            "ipv6_cidr_block_association_id": "",
            "ipv6_native": false,
            "map_customer_owned_ip_on_launch": false,
            "map_public_ip_on_launch": true,
            "outpost_arn": "",
            "owner_id": "824563723839",
            "private_dns_hostname_type_on_launch": "ip-name",
            "tags": {
              "Department": "Engineering"
            },
            "tags_all": {
              "Department": "Engineering"
            },
            "timeouts": null,
            "vpc_id": "vpc-0106e9eb8bd3a88a5"
          },
          "sensitive_attributes": [],
          "private": "eyJlMmJmYjczMC1lY2FhLTExZTYtOGY4OC0zNDM2M2JjN2M0YzAiOnsiY3JlYXRlIjo2MDAwMDAwMDAwMDAsImRlbGV0ZSI6MTIwMDAwMDAwMDAwMH0sInNjaGVtYV92ZXJzaW9uIjoiMSJ9",
          "dependencies": [
            "module.database_infra.aws_vpc.db-vpc",
            "module.database_infra.data.aws_availability_zones.available"
          ]
        }
      ]
    },
    {
      "module": "module.database_infra[0]",
      "mode": "managed",
      "type": "aws_vpc",
      "name": "db-vpc",
      "provider": "provider[\"registry.terraform.io/hashicorp/aws\"]",
      "instances": [
        {
          "schema_version": 1,
          "attributes": {
            "arn": "arn:aws:ec2:us-east-1:824563723839:vpc/vpc-0106e9eb8bd3a88a5",
            "assign_generated_ipv6_cidr_block": false,
            "cidr_block": "10.0.0.0/16",
            "default_network_acl_id": "acl-0238d7e049e3eedb2",
            "default_route_table_id": "rtb-0e2a438e62a09ca91",
            "default_security_group_id": "sg-0aaf403ca0bf6a38e",
            "dhcp_options_id": "dopt-06bcf3f9421e44386",
            "enable_classiclink": false,
            "enable_classiclink_dns_support": false,
            "enable_dns_hostnames": true,
            "enable_dns_support": true,
            "id": "vpc-0106e9eb8bd3a88a5",
            "instance_tenancy": "default",
            "ipv4_ipam_pool_id": null,
            "ipv4_netmask_length": null,
            "ipv6_association_id": "",
            "ipv6_cidr_block": "",
            "ipv6_cidr_block_network_border_group": "",
            "ipv6_ipam_pool_id": "",
            "ipv6_netmask_length": 0,
            "main_route_table_id": "rtb-0e2a438e62a09ca91",
            "owner_id": "824563723839",
            "tags": null,
            "tags_all": {}
          },
          "sensitive_attributes": [],
          "private": "eyJzY2hlbWFfdmVyc2lvbiI6IjEifQ==",
          "create_before_destroy": true
        }
      ]
    },
    {
      "module": "module.service_backend",
      "mode": "managed",
      "type": "aws_cloudwatch_log_group",
      "name": "log-group",
      "provider": "provider[\"registry.terraform.io/hashicorp/aws\"]",
      "instances": [
        {
          "schema_version": 0,
          "attributes": {
            "arn": "arn:aws:logs:us-east-1:824563723839:log-group:test-backend",
            "id": "test-backend",
            "kms_key_id": "",
            "name": "test-backend",
            "name_prefix": null,
            "retention_in_days": 0,
            "tags": {
              "Department": "Production",
              "Environment": "ECS-Infrastructure",
              "ManagedBy": "Terraform",
              "Name": "test-ecs",
              "Region": "us-east-1"
            },
            "tags_all": {
              "Department": "Production",
              "Environment": "ECS-Infrastructure",
              "ManagedBy": "Terraform",
              "Name": "test-ecs",
              "Region": "us-east-1"
            }
          },
          "sensitive_attributes": [],
          "private": "bnVsbA=="
        }
      ]
    },
    {
      "module": "module.service_backend",
      "mode": "managed",
      "type": "aws_codebuild_project",
      "name": "codebuild",
      "provider": "provider[\"registry.terraform.io/hashicorp/aws\"]",
      "instances": [
        {
          "schema_version": 0,
          "attributes": {
            "arn": "arn:aws:codebuild:us-east-1:824563723839:project/test-backend",
            "artifacts": [
              {
                "artifact_identifier": "",
                "bucket_owner_access": "",
                "encryption_disabled": false,
                "location": "",
                "name": "test-backend",
                "namespace_type": "",
                "override_artifact_name": false,
                "packaging": "NONE",
                "path": "",
                "type": "CODEPIPELINE"
              }
            ],
            "badge_enabled": false,
            "badge_url": "",
            "build_batch_config": [],
            "build_timeout": 60,
            "cache": [
              {
                "location": "",
                "modes": [],
                "type": "NO_CACHE"
              }
            ],
            "concurrent_build_limit": 0,
            "description": "test-backend-docker build",
            "encryption_key": "arn:aws:kms:us-east-1:824563723839:alias/aws/s3",
            "environment": [
              {
                "certificate": "",
                "compute_type": "BUILD_GENERAL1_SMALL",
                "environment_variable": [
                  {
                    "name": "AWS_DEFAULT_REGION",
                    "type": "PLAINTEXT",
                    "value": "us-east-1"
                  },
                  {
                    "name": "AWS_ACCOUNT_ID",
                    "type": "PLAINTEXT",
                    "value": "824563723839"
                  },
                  {
                    "name": "IMAGE_REPO_NAME",
                    "type": "PLAINTEXT",
                    "value": "test-backend"
                  }
                ],
                "image": "aws/codebuild/docker:18.09.0",
                "image_pull_credentials_type": "CODEBUILD",
                "privileged_mode": true,
                "registry_credential": [],
                "type": "LINUX_CONTAINER"
              }
            ],
            "file_system_locations": [],
            "id": "arn:aws:codebuild:us-east-1:824563723839:project/test-backend",
            "logs_config": [
              {
                "cloudwatch_logs": [
                  {
                    "group_name": "",
                    "status": "ENABLED",
                    "stream_name": ""
                  }
                ],
                "s3_logs": [
                  {
                    "bucket_owner_access": "",
                    "encryption_disabled": false,
                    "location": "",
                    "status": "DISABLED"
                  }
                ]
              }
            ],
            "name": "test-backend",
            "project_visibility": "PRIVATE",
            "public_project_alias": "",
            "queued_timeout": 480,
            "resource_access_role": "",
            "secondary_artifacts": [],
            "secondary_source_version": [],
            "secondary_sources": [],
            "service_role": "arn:aws:iam::824563723839:role/test-codebuild",
            "source": [
              {
                "auth": [],
                "build_status_config": [],
                "buildspec": "buildspec.yml",
                "git_clone_depth": 0,
                "git_submodules_config": [],
                "insecure_ssl": false,
                "location": "",
                "report_build_status": false,
                "type": "CODEPIPELINE"
              }
            ],
            "source_version": "",
            "tags": {
              "Department": "Production",
              "Environment": "ECS-Infrastructure",
              "ManagedBy": "Terraform",
              "Name": "test-ecs",
              "Region": "us-east-1"
            },
            "tags_all": {
              "Department": "Production",
              "Environment": "ECS-Infrastructure",
              "ManagedBy": "Terraform",
              "Name": "test-ecs",
              "Region": "us-east-1"
            },
            "vpc_config": []
          },
          "sensitive_attributes": [],
          "private": "bnVsbA==",
          "dependencies": [
            "module.base_infra.aws_iam_role.codebuild",
            "module.base_infra.data.aws_caller_identity.current",
            "module.base_infra.data.aws_iam_policy_document.assume_by_codebuild",
            "module.service_backend.aws_alb.ecsinfra-alb",
            "module.service_backend.aws_ecr_repository.ecr-repo"
          ]
        }
      ]
    },
    {
      "module": "module.service_backend",
      "mode": "managed",
      "type": "aws_codedeploy_app",
      "name": "codedeploy",
      "provider": "provider[\"registry.terraform.io/hashicorp/aws\"]",
      "instances": [
        {
          "schema_version": 0,
          "attributes": {
            "application_id": "a1e004da-5cb5-417c-9e0a-b2ff3fc15662",
            "arn": "arn:aws:codedeploy:us-east-1:824563723839:application:test-backend",
            "compute_platform": "ECS",
            "github_account_name": "",
            "id": "a1e004da-5cb5-417c-9e0a-b2ff3fc15662:test-backend",
            "linked_to_github": false,
            "name": "test-backend",
            "tags": {
              "Department": "Production",
              "Environment": "ECS-Infrastructure",
              "ManagedBy": "Terraform",
              "Name": "test-ecs",
              "Region": "us-east-1"
            },
            "tags_all": {
              "Department": "Production",
              "Environment": "ECS-Infrastructure",
              "ManagedBy": "Terraform",
              "Name": "test-ecs",
              "Region": "us-east-1"
            }
          },
          "sensitive_attributes": [],
          "private": "bnVsbA=="
        }
      ]
    },
    {
      "module": "module.service_backend",
      "mode": "managed",
      "type": "aws_codepipeline",
      "name": "codepipeline",
      "provider": "provider[\"registry.terraform.io/hashicorp/aws\"]",
      "instances": [
        {
          "schema_version": 0,
          "attributes": {
            "arn": "arn:aws:codepipeline:us-east-1:824563723839:test-backend",
            "artifact_store": [
              {
                "encryption_key": [
                  {
                    "id": "arn:aws:kms:us-east-1:824563723839:alias/test",
                    "type": "KMS"
                  }
                ],
                "location": "test-artifacts-zj1x6dz9",
                "region": "",
                "type": "S3"
              }
            ],
            "id": "test-backend",
            "name": "test-backend",
            "role_arn": "arn:aws:iam::824563723839:role/test-pipeline-ecs-service-role",
            "stage": [
              {
                "action": [
                  {
                    "category": "Source",
                    "configuration": {
                      "Branch": "master",
                      "OAuthToken": "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",
                      "Owner": "arvindrajpurohit",
                      "Repo": "express-bookshelf-realworld-example-app"
                    },
                    "input_artifacts": null,
                    "name": "Source",
                    "namespace": "",
                    "output_artifacts": [
                      "test-backend-source"
                    ],
                    "owner": "ThirdParty",
                    "provider": "GitHub",
                    "region": "",
                    "role_arn": "",
                    "run_order": 1,
                    "version": "1"
                  }
                ],
                "name": "Source"
              },
              {
                "action": [
                  {
                    "category": "Build",
                    "configuration": {
                      "ProjectName": "test-backend"
                    },
                    "input_artifacts": [
                      "test-backend-source"
                    ],
                    "name": "Build",
                    "namespace": "",
                    "output_artifacts": [
                      "test-backend-build"
                    ],
                    "owner": "AWS",
                    "provider": "CodeBuild",
                    "region": "",
                    "role_arn": "",
                    "run_order": 1,
                    "version": "1"
                  }
                ],
                "name": "Build"
              },
              {
                "action": [
                  {
                    "category": "Deploy",
                    "configuration": {
                      "ClusterName": "test-cluster",
                      "ServiceName": "backend"
                    },
                    "input_artifacts": [
                      "test-backend-build"
                    ],
                    "name": "DeployToECS",
                    "namespace": "",
                    "output_artifacts": null,
                    "owner": "AWS",
                    "provider": "ECS",
                    "region": "",
                    "role_arn": "",
                    "run_order": 1,
                    "version": "1"
                  }
                ],
                "name": "Deploy"
              }
            ],
            "tags": {
              "Department": "Production",
              "Environment": "ECS-Infrastructure",
              "ManagedBy": "Terraform",
              "Name": "test-ecs",
              "Region": "us-east-1"
            },
            "tags_all": {
              "Department": "Production",
              "Environment": "ECS-Infrastructure",
              "ManagedBy": "Terraform",
              "Name": "test-ecs",
              "Region": "us-east-1"
            }
          },
          "sensitive_attributes": [],
          "private": "bnVsbA==",
          "dependencies": [
            "module.base_infra.aws_ecs_cluster.ecsinfra-cluster",
            "module.base_infra.aws_iam_role.codepipeline",
            "module.base_infra.aws_iam_role.execution_role",
            "module.base_infra.aws_iam_role.task_role",
            "module.base_infra.aws_kms_alias.kms_alias",
            "module.base_infra.aws_kms_key.key",
            "module.base_infra.aws_s3_bucket.artifacts",
            "module.base_infra.aws_security_group.ecsinfra-alb_sg",
            "module.base_infra.aws_security_group.ecsinfra-ecs_sg",
            "module.base_infra.aws_service_discovery_private_dns_namespace.service_discovery_ns",
            "module.base_infra.aws_subnet.ecsinfra-private_subnet",
            "module.base_infra.aws_vpc.ecsinfra-vpc",
            "module.base_infra.data.aws_iam_policy_document.artifacts-kms-policy",
            "module.base_infra.data.aws_iam_policy_document.assume_by_codepipeline",
            "module.base_infra.data.aws_iam_policy_document.assume_by_ecs",
            "module.base_infra.random_string.random",
            "module.database_infra.aws_db_instance.db-instance",
            "module.database_infra.aws_db_subnet_group.db-group",
            "module.database_infra.aws_security_group.db-sg",
            "module.database_infra.aws_subnet.db-private_subnet",
            "module.database_infra.aws_vpc.db-vpc",
            "module.database_infra.data.aws_availability_zones.available",
            "module.service_backend.aws_alb_target_group.ecsinfra-tg-blue",
            "module.service_backend.aws_cloudwatch_log_group.log-group",
            "module.service_backend.aws_codedeploy_app.codedeploy",
            "module.service_backend.aws_codedeploy_deployment_group.deploymentgroup",
            "module.service_backend.aws_ecr_repository.ecr-repo",
            "module.service_backend.aws_ecs_service.ecsinfra-service",
            "module.service_backend.aws_ecs_task_definition.ecs-taskdef",
            "module.service_backend.aws_service_discovery_service.service_discovery"
          ]
        }
      ]
    },
    {
      "module": "module.service_backend",
      "mode": "managed",
      "type": "aws_ecr_repository",
      "name": "ecr-repo",
      "provider": "provider[\"registry.terraform.io/hashicorp/aws\"]",
      "instances": [
        {
          "schema_version": 0,
          "attributes": {
            "arn": "arn:aws:ecr:us-east-1:824563723839:repository/test-backend",
            "encryption_configuration": [
              {
                "encryption_type": "AES256",
                "kms_key": ""
              }
            ],
            "id": "test-backend",
            "image_scanning_configuration": [
              {
                "scan_on_push": false
              }
            ],
            "image_tag_mutability": "MUTABLE",
            "name": "test-backend",
            "registry_id": "824563723839",
            "repository_url": "824563723839.dkr.ecr.us-east-1.amazonaws.com/test-backend",
            "tags": {
              "Department": "Production",
              "Environment": "ECS-Infrastructure",
              "ManagedBy": "Terraform",
              "Name": "test-ecs",
              "Region": "us-east-1"
            },
            "tags_all": {
              "Department": "Production",
              "Environment": "ECS-Infrastructure",
              "ManagedBy": "Terraform",
              "Name": "test-ecs",
              "Region": "us-east-1"
            },
            "timeouts": null
          },
          "sensitive_attributes": [],
          "private": "eyJlMmJmYjczMC1lY2FhLTExZTYtOGY4OC0zNDM2M2JjN2M0YzAiOnsiZGVsZXRlIjoxMjAwMDAwMDAwMDAwfX0="
        }
      ]
    },
    {
      "module": "module.service_backend",
      "mode": "managed",
      "type": "aws_ecs_service",
      "name": "ecsinfra-service",
      "provider": "provider[\"registry.terraform.io/hashicorp/aws\"]",
      "instances": [
        {
          "schema_version": 0,
          "attributes": {
            "capacity_provider_strategy": [],
            "cluster": "arn:aws:ecs:us-east-1:824563723839:cluster/test-cluster",
            "deployment_circuit_breaker": [
              {
                "enable": false,
                "rollback": false
              }
            ],
            "deployment_controller": [
              {
                "type": "ECS"
              }
            ],
            "deployment_maximum_percent": 200,
            "deployment_minimum_healthy_percent": 100,
            "desired_count": 1,
            "enable_ecs_managed_tags": false,
            "enable_execute_command": false,
            "force_new_deployment": null,
            "health_check_grace_period_seconds": 0,
            "iam_role": "aws-service-role",
            "id": "arn:aws:ecs:us-east-1:824563723839:service/test-cluster/backend",
            "launch_type": "FARGATE",
            "load_balancer": [],
            "name": "backend",
            "network_configuration": [
              {
                "assign_public_ip": true,
                "security_groups": [
                  "sg-044c1e5dfb0175076",
                  "sg-0a24d0f832ef67064"
                ],
                "subnets": [
                  "subnet-055dddfb182d54216",
                  "subnet-087ccf30db5ebb559"
                ]
              }
            ],
            "ordered_placement_strategy": [],
            "placement_constraints": [],
            "platform_version": "LATEST",
            "propagate_tags": "NONE",
            "scheduling_strategy": "REPLICA",
            "service_registries": [
              {
                "container_name": "",
                "container_port": 0,
                "port": 0,
                "registry_arn": "arn:aws:servicediscovery:us-east-1:824563723839:service/srv-hmvslrcbn6atovw6"
              }
            ],
            "tags": {
              "Department": "Production",
              "Environment": "ECS-Infrastructure",
              "ManagedBy": "Terraform",
              "Name": "test-ecs",
              "Region": "us-east-1"
            },
            "tags_all": {
              "Department": "Production",
              "Environment": "ECS-Infrastructure",
              "ManagedBy": "Terraform",
              "Name": "test-ecs",
              "Region": "us-east-1"
            },
            "task_definition": "arn:aws:ecs:us-east-1:824563723839:task-definition/test-backend:10",
            "timeouts": null,
            "wait_for_steady_state": false
          },
          "sensitive_attributes": [],
          "private": "eyJlMmJmYjczMC1lY2FhLTExZTYtOGY4OC0zNDM2M2JjN2M0YzAiOnsiZGVsZXRlIjoxMjAwMDAwMDAwMDAwfX0=",
          "dependencies": [
            "module.base_infra.aws_ecs_cluster.ecsinfra-cluster",
            "module.base_infra.aws_iam_role.execution_role",
            "module.base_infra.aws_iam_role.task_role",
            "module.base_infra.aws_security_group.ecsinfra-alb_sg",
            "module.base_infra.aws_security_group.ecsinfra-ecs_sg",
            "module.base_infra.aws_service_discovery_private_dns_namespace.service_discovery_ns",
            "module.base_infra.aws_subnet.ecsinfra-private_subnet",
            "module.base_infra.aws_vpc.ecsinfra-vpc",
            "module.base_infra.data.aws_iam_policy_document.assume_by_ecs",
            "module.database_infra.aws_db_instance.db-instance",
            "module.database_infra.aws_db_subnet_group.db-group",
            "module.database_infra.aws_security_group.db-sg",
            "module.database_infra.aws_subnet.db-private_subnet",
            "module.database_infra.aws_vpc.db-vpc",
            "module.database_infra.data.aws_availability_zones.available",
            "module.service_backend.aws_alb_target_group.ecsinfra-tg-blue",
            "module.service_backend.aws_cloudwatch_log_group.log-group",
            "module.service_backend.aws_ecr_repository.ecr-repo",
            "module.service_backend.aws_ecs_task_definition.ecs-taskdef",
            "module.service_backend.aws_service_discovery_service.service_discovery"
          ]
        }
      ]
    },
    {
      "module": "module.service_backend",
      "mode": "managed",
      "type": "aws_ecs_task_definition",
      "name": "ecs-taskdef",
      "provider": "provider[\"registry.terraform.io/hashicorp/aws\"]",
      "instances": [
        {
          "schema_version": 1,
          "attributes": {
            "arn": "arn:aws:ecs:us-east-1:824563723839:task-definition/test-backend:10",
            "container_definitions": "[{\"cpu\":1024,\"environment\":[{\"name\":\"DATABASE_URL\",\"value\":\"postgresql://testadmin:NieXoo4Ae*ke@test-db.c5iefltkocjr.us-east-1.rds.amazonaws.com:5432/testdb?schema=public\"},{\"name\":\"DB_HOST\",\"value\":\"test-db.c5iefltkocjr.us-east-1.rds.amazonaws.com\"},{\"name\":\"DB_NAME\",\"value\":\"testdb\"},{\"name\":\"DB_PASSWORD\",\"value\":\"NieXoo4Ae*ke\"},{\"name\":\"DB_USER\",\"value\":\"testadmin\"},{\"name\":\"SECRET\",\"value\":\"thisissecarte\"}],\"essential\":true,\"image\":\"824563723839.dkr.ecr.us-east-1.amazonaws.com/test-backend\",\"logConfiguration\":{\"logDriver\":\"awslogs\",\"options\":{\"awslogs-group\":\"test-backend\",\"awslogs-region\":\"us-east-1\",\"awslogs-stream-prefix\":\"ecs-test\"}},\"memory\":2048,\"mountPoints\":[],\"name\":\"backend\",\"portMappings\":[{\"containerPort\":3000,\"hostPort\":3000,\"protocol\":\"tcp\"}],\"volumesFrom\":[]}]",
            "cpu": "1024",
            "ephemeral_storage": [],
            "execution_role_arn": "arn:aws:iam::824563723839:role/test_ecsTaskExecutionRole",
            "family": "test-backend",
            "id": "test-backend",
            "inference_accelerator": [],
            "ipc_mode": "",
            "memory": "2048",
            "network_mode": "awsvpc",
            "pid_mode": "",
            "placement_constraints": [],
            "proxy_configuration": [],
            "requires_compatibilities": [
              "FARGATE"
            ],
            "revision": 10,
            "runtime_platform": [],
            "skip_destroy": false,
            "tags": {
              "Department": "Production",
              "Environment": "ECS-Infrastructure",
              "ManagedBy": "Terraform",
              "Name": "test-ecs",
              "Region": "us-east-1"
            },
            "tags_all": {
              "Department": "Production",
              "Environment": "ECS-Infrastructure",
              "ManagedBy": "Terraform",
              "Name": "test-ecs",
              "Region": "us-east-1"
            },
            "task_role_arn": "arn:aws:iam::824563723839:role/test_ecsTaskRole",
            "volume": []
          },
          "sensitive_attributes": [],
          "private": "eyJzY2hlbWFfdmVyc2lvbiI6IjEifQ==",
          "dependencies": [
            "module.base_infra.aws_iam_role.execution_role",
            "module.base_infra.aws_iam_role.task_role",
            "module.base_infra.data.aws_iam_policy_document.assume_by_ecs",
            "module.database_infra.aws_db_instance.db-instance",
            "module.database_infra.aws_db_subnet_group.db-group",
            "module.database_infra.aws_security_group.db-sg",
            "module.database_infra.aws_subnet.db-private_subnet",
            "module.database_infra.aws_vpc.db-vpc",
            "module.database_infra.data.aws_availability_zones.available",
            "module.service_backend.aws_cloudwatch_log_group.log-group",
            "module.service_backend.aws_ecr_repository.ecr-repo"
          ]
        }
      ]
    },
    {
      "module": "module.service_backend",
      "mode": "managed",
      "type": "aws_service_discovery_service",
      "name": "service_discovery",
      "provider": "provider[\"registry.terraform.io/hashicorp/aws\"]",
      "instances": [
        {
          "schema_version": 0,
          "attributes": {
            "arn": "arn:aws:servicediscovery:us-east-1:824563723839:service/srv-hmvslrcbn6atovw6",
            "description": "",
            "dns_config": [
              {
                "dns_records": [
                  {
                    "ttl": 10,
                    "type": "A"
                  }
                ],
                "namespace_id": "ns-jnmonzoamzqpr7th",
                "routing_policy": "MULTIVALUE"
              }
            ],
            "force_destroy": false,
            "health_check_config": [],
            "health_check_custom_config": [
              {
                "failure_threshold": 1
              }
            ],
            "id": "srv-hmvslrcbn6atovw6",
            "name": "backend",
            "namespace_id": "ns-jnmonzoamzqpr7th",
            "tags": {
              "Department": "Production",
              "Environment": "ECS-Infrastructure",
              "ManagedBy": "Terraform",
              "Name": "test-ecs",
              "Region": "us-east-1"
            },
            "tags_all": {
              "Department": "Production",
              "Environment": "ECS-Infrastructure",
              "ManagedBy": "Terraform",
              "Name": "test-ecs",
              "Region": "us-east-1"
            }
          },
          "sensitive_attributes": [],
          "private": "bnVsbA==",
          "dependencies": [
            "module.base_infra.aws_service_discovery_private_dns_namespace.service_discovery_ns",
            "module.base_infra.aws_vpc.ecsinfra-vpc",
            "module.database_infra.aws_vpc.db-vpc"
          ]
        }
      ]
    },
    {
      "module": "module.service_frontend",
      "mode": "managed",
      "type": "aws_alb",
      "name": "ecsinfra-alb",
      "provider": "provider[\"registry.terraform.io/hashicorp/aws\"]",
      "instances": [
        {
          "index_key": 0,
          "schema_version": 0,
          "attributes": {
            "access_logs": [
              {
                "bucket": "",
                "enabled": false,
                "prefix": ""
              }
            ],
            "arn": "arn:aws:elasticloadbalancing:us-east-1:824563723839:loadbalancer/app/test-frontend-load-balancer/c554bfbaeed32628",
            "arn_suffix": "app/test-frontend-load-balancer/c554bfbaeed32628",
            "customer_owned_ipv4_pool": "",
            "desync_mitigation_mode": "defensive",
            "dns_name": "test-frontend-load-balancer-1937784766.us-east-1.elb.amazonaws.com",
            "drop_invalid_header_fields": false,
            "enable_cross_zone_load_balancing": true,
            "enable_deletion_protection": false,
            "enable_http2": true,
            "enable_waf_fail_open": false,
            "id": "arn:aws:elasticloadbalancing:us-east-1:824563723839:loadbalancer/app/test-frontend-load-balancer/c554bfbaeed32628",
            "idle_timeout": 60,
            "internal": false,
            "ip_address_type": "ipv4",
            "load_balancer_type": "application",
            "name": "test-frontend-load-balancer",
            "name_prefix": null,
            "security_groups": [
              "sg-0752046a8ac9647c9"
            ],
            "subnet_mapping": [
              {
                "allocation_id": "",
                "ipv6_address": "",
                "outpost_id": "",
                "private_ipv4_address": "",
                "subnet_id": "subnet-036681a0318e61694"
              },
              {
                "allocation_id": "",
                "ipv6_address": "",
                "outpost_id": "",
                "private_ipv4_address": "",
                "subnet_id": "subnet-0d46a205f3ac0cb47"
              }
            ],
            "subnets": [
              "subnet-036681a0318e61694",
              "subnet-0d46a205f3ac0cb47"
            ],
            "tags": {
              "Department": "Production",
              "Environment": "ECS-Infrastructure",
              "ManagedBy": "Terraform",
              "Name": "test-ecs",
              "Region": "us-east-1"
            },
            "tags_all": {
              "Department": "Production",
              "Environment": "ECS-Infrastructure",
              "ManagedBy": "Terraform",
              "Name": "test-ecs",
              "Region": "us-east-1"
            },
            "timeouts": null,
            "vpc_id": "vpc-0106e9eb8bd3a88a5",
            "zone_id": "Z35SXDOTRQ7X7K"
          },
          "sensitive_attributes": [],
          "private": "eyJlMmJmYjczMC1lY2FhLTExZTYtOGY4OC0zNDM2M2JjN2M0YzAiOnsiY3JlYXRlIjo2MDAwMDAwMDAwMDAsImRlbGV0ZSI6NjAwMDAwMDAwMDAwLCJ1cGRhdGUiOjYwMDAwMDAwMDAwMH19",
          "dependencies": [
            "module.base_infra.aws_security_group.ecsinfra-alb_sg",
            "module.base_infra.aws_subnet.ecsinfra-public_subnet",
            "module.base_infra.aws_vpc.ecsinfra-vpc",
            "module.database_infra.aws_subnet.db-public_subnet",
            "module.database_infra.aws_vpc.db-vpc",
            "module.database_infra.data.aws_availability_zones.available"
          ]
        }
      ]
    },
    {
      "module": "module.service_frontend",
      "mode": "managed",
      "type": "aws_alb_listener",
      "name": "ecsinfra-listner",
      "provider": "provider[\"registry.terraform.io/hashicorp/aws\"]",
      "instances": [
        {
          "index_key": 0,
          "schema_version": 0,
          "attributes": {
            "alpn_policy": null,
            "arn": "arn:aws:elasticloadbalancing:us-east-1:824563723839:listener/app/test-frontend-load-balancer/c554bfbaeed32628/3f2de2882d037231",
            "certificate_arn": null,
            "default_action": [
              {
                "authenticate_cognito": [],
                "authenticate_oidc": [],
                "fixed_response": [],
                "forward": [],
                "order": 1,
                "redirect": [
                  {
                    "host": "#{host}",
                    "path": "/#{path}",
                    "port": "443",
                    "protocol": "HTTPS",
                    "query": "#{query}",
                    "status_code": "HTTP_301"
                  }
                ],
                "target_group_arn": "",
                "type": "redirect"
              }
            ],
            "id": "arn:aws:elasticloadbalancing:us-east-1:824563723839:listener/app/test-frontend-load-balancer/c554bfbaeed32628/3f2de2882d037231",
            "load_balancer_arn": "arn:aws:elasticloadbalancing:us-east-1:824563723839:loadbalancer/app/test-frontend-load-balancer/c554bfbaeed32628",
            "port": 80,
            "protocol": "HTTP",
            "ssl_policy": "",
            "tags": {
              "Department": "Production",
              "Environment": "ECS-Infrastructure",
              "ManagedBy": "Terraform",
              "Name": "test-ecs",
              "Region": "us-east-1"
            },
            "tags_all": {
              "Department": "Production",
              "Environment": "ECS-Infrastructure",
              "ManagedBy": "Terraform",
              "Name": "test-ecs",
              "Region": "us-east-1"
            },
            "timeouts": null
          },
          "sensitive_attributes": [],
          "private": "eyJlMmJmYjczMC1lY2FhLTExZTYtOGY4OC0zNDM2M2JjN2M0YzAiOnsicmVhZCI6NjAwMDAwMDAwMDAwfX0=",
          "dependencies": [
            "module.base_infra.aws_security_group.ecsinfra-alb_sg",
            "module.base_infra.aws_subnet.ecsinfra-public_subnet",
            "module.base_infra.aws_vpc.ecsinfra-vpc",
            "module.database_infra.aws_subnet.db-public_subnet",
            "module.database_infra.aws_vpc.db-vpc",
            "module.database_infra.data.aws_availability_zones.available",
            "module.service_frontend.aws_alb.ecsinfra-alb"
          ]
        }
      ]
    },
    {
      "module": "module.service_frontend",
      "mode": "managed",
      "type": "aws_alb_listener_rule",
      "name": "ecsinfra-listner-rule",
      "provider": "provider[\"registry.terraform.io/hashicorp/aws\"]",
      "instances": [
        {
          "index_key": 0,
          "schema_version": 0,
          "attributes": {
            "action": [
              {
                "authenticate_cognito": [],
                "authenticate_oidc": [],
                "fixed_response": [],
                "forward": [
                  {
                    "stickiness": [
                      {
                        "duration": 0,
                        "enabled": false
                      }
                    ],
                    "target_group": [
                      {
                        "arn": "arn:aws:elasticloadbalancing:us-east-1:824563723839:targetgroup/test-frontend-tg-blue/1d7b9fbf68dffecf",
                        "weight": 100
                      },
                      {
                        "arn": "arn:aws:elasticloadbalancing:us-east-1:824563723839:targetgroup/test-frontend-tg-green/1b66cf9e150cc4b9",
                        "weight": 0
                      }
                    ]
                  }
                ],
                "order": 1,
                "redirect": [],
                "target_group_arn": "",
                "type": "forward"
              }
            ],
            "arn": "arn:aws:elasticloadbalancing:us-east-1:824563723839:listener-rule/app/test-frontend-load-balancer/c554bfbaeed32628/3f2de2882d037231/bd48e62ec07a1936",
            "condition": [
              {
                "host_header": [],
                "http_header": [],
                "http_request_method": [],
                "path_pattern": [
                  {
                    "values": [
                      "/*"
                    ]
                  }
                ],
                "query_string": [],
                "source_ip": []
              }
            ],
            "id": "arn:aws:elasticloadbalancing:us-east-1:824563723839:listener-rule/app/test-frontend-load-balancer/c554bfbaeed32628/3f2de2882d037231/bd48e62ec07a1936",
            "listener_arn": "arn:aws:elasticloadbalancing:us-east-1:824563723839:listener/app/test-frontend-load-balancer/c554bfbaeed32628/3f2de2882d037231",
            "priority": 101,
            "tags": {
              "Department": "Production",
              "Environment": "ECS-Infrastructure",
              "ManagedBy": "Terraform",
              "Name": "test-ecs",
              "Region": "us-east-1"
            },
            "tags_all": {
              "Department": "Production",
              "Environment": "ECS-Infrastructure",
              "ManagedBy": "Terraform",
              "Name": "test-ecs",
              "Region": "us-east-1"
            }
          },
          "sensitive_attributes": [],
          "private": "bnVsbA==",
          "dependencies": [
            "module.base_infra.aws_security_group.ecsinfra-alb_sg",
            "module.base_infra.aws_subnet.ecsinfra-public_subnet",
            "module.base_infra.aws_vpc.ecsinfra-vpc",
            "module.database_infra.aws_subnet.db-public_subnet",
            "module.database_infra.aws_vpc.db-vpc",
            "module.database_infra.data.aws_availability_zones.available",
            "module.service_frontend.aws_alb.ecsinfra-alb",
            "module.service_frontend.aws_alb_listener.ecsinfra-listner",
            "module.service_frontend.aws_alb_target_group.ecsinfra-tg-blue",
            "module.service_frontend.aws_alb_target_group.ecsinfra-tg-green"
          ]
        }
      ]
    },
    {
      "module": "module.service_frontend",
      "mode": "managed",
      "type": "aws_alb_target_group",
      "name": "ecsinfra-tg-blue",
      "provider": "provider[\"registry.terraform.io/hashicorp/aws\"]",
      "instances": [
        {
          "index_key": 0,
          "schema_version": 0,
          "attributes": {
            "arn": "arn:aws:elasticloadbalancing:us-east-1:824563723839:targetgroup/test-frontend-tg-blue/1d7b9fbf68dffecf",
            "arn_suffix": "targetgroup/test-frontend-tg-blue/1d7b9fbf68dffecf",
            "connection_termination": false,
            "deregistration_delay": "30",
            "health_check": [
              {
                "enabled": true,
                "healthy_threshold": 2,
                "interval": 30,
                "matcher": "200",
                "path": "/",
                "port": "traffic-port",
                "protocol": "HTTP",
                "timeout": 3,
                "unhealthy_threshold": 2
              }
            ],
            "id": "arn:aws:elasticloadbalancing:us-east-1:824563723839:targetgroup/test-frontend-tg-blue/1d7b9fbf68dffecf",
            "lambda_multi_value_headers_enabled": false,
            "load_balancing_algorithm_type": "round_robin",
            "name": "test-frontend-tg-blue",
            "name_prefix": null,
            "port": 80,
            "preserve_client_ip": null,
            "protocol": "HTTP",
            "protocol_version": "HTTP1",
            "proxy_protocol_v2": false,
            "slow_start": 0,
            "stickiness": [
              {
                "cookie_duration": 86400,
                "cookie_name": "",
                "enabled": false,
                "type": "lb_cookie"
              }
            ],
            "tags": {
              "Department": "Production",
              "Environment": "ECS-Infrastructure",
              "ManagedBy": "Terraform",
              "Name": "test-ecs",
              "Region": "us-east-1"
            },
            "tags_all": {
              "Department": "Production",
              "Environment": "ECS-Infrastructure",
              "ManagedBy": "Terraform",
              "Name": "test-ecs",
              "Region": "us-east-1"
            },
            "target_type": "ip",
            "vpc_id": "vpc-0106e9eb8bd3a88a5"
          },
          "sensitive_attributes": [],
          "private": "bnVsbA==",
          "dependencies": [
            "module.base_infra.aws_vpc.ecsinfra-vpc",
            "module.database_infra.aws_vpc.db-vpc"
          ],
          "create_before_destroy": true
        }
      ]
    },
    {
      "module": "module.service_frontend",
      "mode": "managed",
      "type": "aws_alb_target_group",
      "name": "ecsinfra-tg-green",
      "provider": "provider[\"registry.terraform.io/hashicorp/aws\"]",
      "instances": [
        {
          "index_key": 0,
          "schema_version": 0,
          "attributes": {
            "arn": "arn:aws:elasticloadbalancing:us-east-1:824563723839:targetgroup/test-frontend-tg-green/1b66cf9e150cc4b9",
            "arn_suffix": "targetgroup/test-frontend-tg-green/1b66cf9e150cc4b9",
            "connection_termination": false,
            "deregistration_delay": "30",
            "health_check": [
              {
                "enabled": true,
                "healthy_threshold": 2,
                "interval": 30,
                "matcher": "200",
                "path": "/",
                "port": "traffic-port",
                "protocol": "HTTP",
                "timeout": 3,
                "unhealthy_threshold": 2
              }
            ],
            "id": "arn:aws:elasticloadbalancing:us-east-1:824563723839:targetgroup/test-frontend-tg-green/1b66cf9e150cc4b9",
            "lambda_multi_value_headers_enabled": false,
            "load_balancing_algorithm_type": "round_robin",
            "name": "test-frontend-tg-green",
            "name_prefix": null,
            "port": 80,
            "preserve_client_ip": null,
            "protocol": "HTTP",
            "protocol_version": "HTTP1",
            "proxy_protocol_v2": false,
            "slow_start": 0,
            "stickiness": [
              {
                "cookie_duration": 86400,
                "cookie_name": "",
                "enabled": false,
                "type": "lb_cookie"
              }
            ],
            "tags": {
              "Department": "Production",
              "Environment": "ECS-Infrastructure",
              "ManagedBy": "Terraform",
              "Name": "test-ecs",
              "Region": "us-east-1"
            },
            "tags_all": {
              "Department": "Production",
              "Environment": "ECS-Infrastructure",
              "ManagedBy": "Terraform",
              "Name": "test-ecs",
              "Region": "us-east-1"
            },
            "target_type": "ip",
            "vpc_id": "vpc-0106e9eb8bd3a88a5"
          },
          "sensitive_attributes": [],
          "private": "bnVsbA==",
          "dependencies": [
            "module.base_infra.aws_vpc.ecsinfra-vpc",
            "module.database_infra.aws_vpc.db-vpc"
          ],
          "create_before_destroy": true
        }
      ]
    },
    {
      "module": "module.service_frontend",
      "mode": "managed",
      "type": "aws_cloudwatch_log_group",
      "name": "log-group",
      "provider": "provider[\"registry.terraform.io/hashicorp/aws\"]",
      "instances": [
        {
          "schema_version": 0,
          "attributes": {
            "arn": "arn:aws:logs:us-east-1:824563723839:log-group:test-frontend",
            "id": "test-frontend",
            "kms_key_id": "",
            "name": "test-frontend",
            "name_prefix": null,
            "retention_in_days": 0,
            "tags": {
              "Department": "Production",
              "Environment": "ECS-Infrastructure",
              "ManagedBy": "Terraform",
              "Name": "test-ecs",
              "Region": "us-east-1"
            },
            "tags_all": {
              "Department": "Production",
              "Environment": "ECS-Infrastructure",
              "ManagedBy": "Terraform",
              "Name": "test-ecs",
              "Region": "us-east-1"
            }
          },
          "sensitive_attributes": [],
          "private": "bnVsbA=="
        }
      ]
    },
    {
      "module": "module.service_frontend",
      "mode": "managed",
      "type": "aws_codebuild_project",
      "name": "codebuild",
      "provider": "provider[\"registry.terraform.io/hashicorp/aws\"]",
      "instances": [
        {
          "schema_version": 0,
          "attributes": {
            "arn": "arn:aws:codebuild:us-east-1:824563723839:project/test-frontend",
            "artifacts": [
              {
                "artifact_identifier": "",
                "bucket_owner_access": "",
                "encryption_disabled": false,
                "location": "",
                "name": "test-frontend",
                "namespace_type": "",
                "override_artifact_name": false,
                "packaging": "NONE",
                "path": "",
                "type": "CODEPIPELINE"
              }
            ],
            "badge_enabled": false,
            "badge_url": "",
            "build_batch_config": [],
            "build_timeout": 60,
            "cache": [
              {
                "location": "",
                "modes": [],
                "type": "NO_CACHE"
              }
            ],
            "concurrent_build_limit": 0,
            "description": "test-frontend-docker build",
            "encryption_key": "arn:aws:kms:us-east-1:824563723839:alias/aws/s3",
            "environment": [
              {
                "certificate": "",
                "compute_type": "BUILD_GENERAL1_SMALL",
                "environment_variable": [
                  {
                    "name": "AWS_DEFAULT_REGION",
                    "type": "PLAINTEXT",
                    "value": "us-east-1"
                  },
                  {
                    "name": "AWS_ACCOUNT_ID",
                    "type": "PLAINTEXT",
                    "value": "824563723839"
                  },
                  {
                    "name": "IMAGE_REPO_NAME",
                    "type": "PLAINTEXT",
                    "value": "test-frontend"
                  },
                  {
                    "name": "REACT_APP_EXTERNAL_API_URL",
                    "type": "PLAINTEXT",
                    "value": "http://test-frontend-load-balancer-1937784766.us-east-1.elb.amazonaws.com/apiv1"
                  }
                ],
                "image": "aws/codebuild/docker:18.09.0",
                "image_pull_credentials_type": "CODEBUILD",
                "privileged_mode": true,
                "registry_credential": [],
                "type": "LINUX_CONTAINER"
              }
            ],
            "file_system_locations": [],
            "id": "arn:aws:codebuild:us-east-1:824563723839:project/test-frontend",
            "logs_config": [
              {
                "cloudwatch_logs": [
                  {
                    "group_name": "",
                    "status": "ENABLED",
                    "stream_name": ""
                  }
                ],
                "s3_logs": [
                  {
                    "bucket_owner_access": "",
                    "encryption_disabled": false,
                    "location": "",
                    "status": "DISABLED"
                  }
                ]
              }
            ],
            "name": "test-frontend",
            "project_visibility": "PRIVATE",
            "public_project_alias": "",
            "queued_timeout": 480,
            "resource_access_role": "",
            "secondary_artifacts": [],
            "secondary_source_version": [],
            "secondary_sources": [],
            "service_role": "arn:aws:iam::824563723839:role/test-codebuild",
            "source": [
              {
                "auth": [],
                "build_status_config": [],
                "buildspec": "buildspec.yml",
                "git_clone_depth": 0,
                "git_submodules_config": [],
                "insecure_ssl": false,
                "location": "",
                "report_build_status": false,
                "type": "CODEPIPELINE"
              }
            ],
            "source_version": "",
            "tags": {
              "Department": "Production",
              "Environment": "ECS-Infrastructure",
              "ManagedBy": "Terraform",
              "Name": "test-ecs",
              "Region": "us-east-1"
            },
            "tags_all": {
              "Department": "Production",
              "Environment": "ECS-Infrastructure",
              "ManagedBy": "Terraform",
              "Name": "test-ecs",
              "Region": "us-east-1"
            },
            "vpc_config": []
          },
          "sensitive_attributes": [],
          "private": "bnVsbA==",
          "dependencies": [
            "module.base_infra.aws_iam_role.codebuild",
            "module.base_infra.aws_security_group.ecsinfra-alb_sg",
            "module.base_infra.aws_subnet.ecsinfra-public_subnet",
            "module.base_infra.aws_vpc.ecsinfra-vpc",
            "module.base_infra.data.aws_caller_identity.current",
            "module.base_infra.data.aws_iam_policy_document.assume_by_codebuild",
            "module.database_infra.aws_subnet.db-public_subnet",
            "module.database_infra.aws_vpc.db-vpc",
            "module.database_infra.data.aws_availability_zones.available",
            "module.service_frontend.aws_alb.ecsinfra-alb",
            "module.service_frontend.aws_ecr_repository.ecr-repo"
          ]
        }
      ]
    },
    {
      "module": "module.service_frontend",
      "mode": "managed",
      "type": "aws_codedeploy_app",
      "name": "codedeploy",
      "provider": "provider[\"registry.terraform.io/hashicorp/aws\"]",
      "instances": [
        {
          "schema_version": 0,
          "attributes": {
            "application_id": "ab8b0b14-9ba0-4d69-9372-0b7860f4d185",
            "arn": "arn:aws:codedeploy:us-east-1:824563723839:application:test-frontend",
            "compute_platform": "ECS",
            "github_account_name": "",
            "id": "ab8b0b14-9ba0-4d69-9372-0b7860f4d185:test-frontend",
            "linked_to_github": false,
            "name": "test-frontend",
            "tags": {
              "Department": "Production",
              "Environment": "ECS-Infrastructure",
              "ManagedBy": "Terraform",
              "Name": "test-ecs",
              "Region": "us-east-1"
            },
            "tags_all": {
              "Department": "Production",
              "Environment": "ECS-Infrastructure",
              "ManagedBy": "Terraform",
              "Name": "test-ecs",
              "Region": "us-east-1"
            }
          },
          "sensitive_attributes": [],
          "private": "bnVsbA=="
        }
      ]
    },
    {
      "module": "module.service_frontend",
      "mode": "managed",
      "type": "aws_codedeploy_deployment_group",
      "name": "deploymentgroup",
      "provider": "provider[\"registry.terraform.io/hashicorp/aws\"]",
      "instances": [
        {
          "index_key": 0,
          "schema_version": 0,
          "attributes": {
            "alarm_configuration": [],
            "app_name": "test-frontend",
            "arn": "arn:aws:codedeploy:us-east-1:824563723839:deploymentgroup:test-frontend/test-frontend",
            "auto_rollback_configuration": [
              {
                "enabled": true,
                "events": [
                  "DEPLOYMENT_FAILURE"
                ]
              }
            ],
            "autoscaling_groups": null,
            "blue_green_deployment_config": [
              {
                "deployment_ready_option": [
                  {
                    "action_on_timeout": "CONTINUE_DEPLOYMENT",
                    "wait_time_in_minutes": 0
                  }
                ],
                "green_fleet_provisioning_option": [],
                "terminate_blue_instances_on_deployment_success": [
                  {
                    "action": "TERMINATE",
                    "termination_wait_time_in_minutes": 5
                  }
                ]
              }
            ],
            "compute_platform": "ECS",
            "deployment_config_name": "CodeDeployDefault.ECSAllAtOnce",
            "deployment_group_id": "486c31f5-4a56-4d24-8581-2eacf871317e",
            "deployment_group_name": "test-frontend",
            "deployment_style": [
              {
                "deployment_option": "WITH_TRAFFIC_CONTROL",
                "deployment_type": "BLUE_GREEN"
              }
            ],
            "ec2_tag_filter": [],
            "ec2_tag_set": [],
            "ecs_service": [
              {
                "cluster_name": "test-cluster",
                "service_name": "frontend"
              }
            ],
            "id": "486c31f5-4a56-4d24-8581-2eacf871317e",
            "load_balancer_info": [
              {
                "elb_info": [],
                "target_group_info": [],
                "target_group_pair_info": [
                  {
                    "prod_traffic_route": [
                      {
                        "listener_arns": [
                          "arn:aws:elasticloadbalancing:us-east-1:824563723839:listener/app/test-frontend-load-balancer/c554bfbaeed32628/3f2de2882d037231"
                        ]
                      }
                    ],
                    "target_group": [
                      {
                        "name": "test-frontend-tg-blue"
                      },
                      {
                        "name": "test-frontend-tg-green"
                      }
                    ],
                    "test_traffic_route": []
                  }
                ]
              }
            ],
            "on_premises_instance_tag_filter": [],
            "service_role_arn": "arn:aws:iam::824563723839:role/test-codedeploy",
            "tags": {
              "Department": "Production",
              "Environment": "ECS-Infrastructure",
              "ManagedBy": "Terraform",
              "Name": "test-ecs",
              "Region": "us-east-1"
            },
            "tags_all": {
              "Department": "Production",
              "Environment": "ECS-Infrastructure",
              "ManagedBy": "Terraform",
              "Name": "test-ecs",
              "Region": "us-east-1"
            },
            "trigger_configuration": []
          },
          "sensitive_attributes": [],
          "private": "bnVsbA==",
          "dependencies": [
            "module.base_infra.aws_ecs_cluster.ecsinfra-cluster",
            "module.base_infra.aws_iam_role.codedeploy",
            "module.base_infra.aws_iam_role.execution_role",
            "module.base_infra.aws_iam_role.task_role",
            "module.base_infra.aws_security_group.ecsinfra-alb_sg",
            "module.base_infra.aws_security_group.ecsinfra-ecs_sg",
            "module.base_infra.aws_service_discovery_private_dns_namespace.service_discovery_ns",
            "module.base_infra.aws_subnet.ecsinfra-private_subnet",
            "module.base_infra.aws_subnet.ecsinfra-public_subnet",
            "module.base_infra.aws_vpc.ecsinfra-vpc",
            "module.base_infra.data.aws_iam_policy_document.assume_by_codedeploy",
            "module.base_infra.data.aws_iam_policy_document.assume_by_ecs",
            "module.database_infra.aws_security_group.db-sg",
            "module.database_infra.aws_subnet.db-private_subnet",
            "module.database_infra.aws_subnet.db-public_subnet",
            "module.database_infra.aws_vpc.db-vpc",
            "module.database_infra.data.aws_availability_zones.available",
            "module.service_backend.aws_service_discovery_service.service_discovery",
            "module.service_frontend.aws_alb.ecsinfra-alb",
            "module.service_frontend.aws_alb_listener.ecsinfra-listner",
            "module.service_frontend.aws_alb_target_group.ecsinfra-tg-blue",
            "module.service_frontend.aws_alb_target_group.ecsinfra-tg-green",
            "module.service_frontend.aws_cloudwatch_log_group.log-group",
            "module.service_frontend.aws_codedeploy_app.codedeploy",
            "module.service_frontend.aws_ecr_repository.ecr-repo",
            "module.service_frontend.aws_ecs_service.ecsinfra-service",
            "module.service_frontend.aws_ecs_task_definition.ecs-taskdef",
            "module.service_frontend.aws_service_discovery_service.service_discovery"
          ]
        }
      ]
    },
    {
      "module": "module.service_frontend",
      "mode": "managed",
      "type": "aws_codepipeline",
      "name": "codepipeline",
      "provider": "provider[\"registry.terraform.io/hashicorp/aws\"]",
      "instances": [
        {
          "schema_version": 0,
          "attributes": {
            "arn": "arn:aws:codepipeline:us-east-1:824563723839:test-frontend",
            "artifact_store": [
              {
                "encryption_key": [
                  {
                    "id": "arn:aws:kms:us-east-1:824563723839:alias/test",
                    "type": "KMS"
                  }
                ],
                "location": "test-artifacts-zj1x6dz9",
                "region": "",
                "type": "S3"
              }
            ],
            "id": "test-frontend",
            "name": "test-frontend",
            "role_arn": "arn:aws:iam::824563723839:role/test-pipeline-ecs-service-role",
            "stage": [
              {
                "action": [
                  {
                    "category": "Source",
                    "configuration": {
                      "Branch": "master",
                      "OAuthToken": "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",
                      "Owner": "arvindrajpurohit",
                      "Repo": "angular-realworld-example-app"
                    },
                    "input_artifacts": null,
                    "name": "Source",
                    "namespace": "",
                    "output_artifacts": [
                      "test-frontend-source"
                    ],
                    "owner": "ThirdParty",
                    "provider": "GitHub",
                    "region": "",
                    "role_arn": "",
                    "run_order": 1,
                    "version": "1"
                  }
                ],
                "name": "Source"
              },
              {
                "action": [
                  {
                    "category": "Build",
                    "configuration": {
                      "ProjectName": "test-frontend"
                    },
                    "input_artifacts": [
                      "test-frontend-source"
                    ],
                    "name": "Build",
                    "namespace": "",
                    "output_artifacts": [
                      "test-frontend-build"
                    ],
                    "owner": "AWS",
                    "provider": "CodeBuild",
                    "region": "",
                    "role_arn": "",
                    "run_order": 1,
                    "version": "1"
                  }
                ],
                "name": "Build"
              },
              {
                "action": [
                  {
                    "category": "Deploy",
                    "configuration": {
                      "AppSpecTemplateArtifact": "test-frontend-build",
                      "ApplicationName": "test-frontend",
                      "DeploymentGroupName": "test-frontend",
                      "TaskDefinitionTemplateArtifact": "test-frontend-build"
                    },
                    "input_artifacts": [
                      "test-frontend-build"
                    ],
                    "name": "DeployToECS",
                    "namespace": "",
                    "output_artifacts": null,
                    "owner": "AWS",
                    "provider": "CodeDeployToECS",
                    "region": "",
                    "role_arn": "",
                    "run_order": 1,
                    "version": "1"
                  }
                ],
                "name": "Deploy"
              }
            ],
            "tags": {
              "Department": "Production",
              "Environment": "ECS-Infrastructure",
              "ManagedBy": "Terraform",
              "Name": "test-ecs",
              "Region": "us-east-1"
            },
            "tags_all": {
              "Department": "Production",
              "Environment": "ECS-Infrastructure",
              "ManagedBy": "Terraform",
              "Name": "test-ecs",
              "Region": "us-east-1"
            }
          },
          "sensitive_attributes": [],
          "private": "bnVsbA==",
          "dependencies": [
            "module.base_infra.aws_ecs_cluster.ecsinfra-cluster",
            "module.base_infra.aws_iam_role.codedeploy",
            "module.base_infra.aws_iam_role.codepipeline",
            "module.base_infra.aws_iam_role.execution_role",
            "module.base_infra.aws_iam_role.task_role",
            "module.base_infra.aws_kms_alias.kms_alias",
            "module.base_infra.aws_kms_key.key",
            "module.base_infra.aws_s3_bucket.artifacts",
            "module.base_infra.aws_security_group.ecsinfra-alb_sg",
            "module.base_infra.aws_security_group.ecsinfra-ecs_sg",
            "module.base_infra.aws_service_discovery_private_dns_namespace.service_discovery_ns",
            "module.base_infra.aws_subnet.ecsinfra-private_subnet",
            "module.base_infra.aws_subnet.ecsinfra-public_subnet",
            "module.base_infra.aws_vpc.ecsinfra-vpc",
            "module.base_infra.data.aws_iam_policy_document.artifacts-kms-policy",
            "module.base_infra.data.aws_iam_policy_document.assume_by_codedeploy",
            "module.base_infra.data.aws_iam_policy_document.assume_by_codepipeline",
            "module.base_infra.data.aws_iam_policy_document.assume_by_ecs",
            "module.base_infra.random_string.random",
            "module.database_infra.aws_security_group.db-sg",
            "module.database_infra.aws_subnet.db-private_subnet",
            "module.database_infra.aws_subnet.db-public_subnet",
            "module.database_infra.aws_vpc.db-vpc",
            "module.database_infra.data.aws_availability_zones.available",
            "module.service_backend.aws_service_discovery_service.service_discovery",
            "module.service_frontend.aws_alb.ecsinfra-alb",
            "module.service_frontend.aws_alb_listener.ecsinfra-listner",
            "module.service_frontend.aws_alb_target_group.ecsinfra-tg-blue",
            "module.service_frontend.aws_alb_target_group.ecsinfra-tg-green",
            "module.service_frontend.aws_cloudwatch_log_group.log-group",
            "module.service_frontend.aws_codedeploy_app.codedeploy",
            "module.service_frontend.aws_codedeploy_deployment_group.deploymentgroup",
            "module.service_frontend.aws_ecr_repository.ecr-repo",
            "module.service_frontend.aws_ecs_service.ecsinfra-service",
            "module.service_frontend.aws_ecs_task_definition.ecs-taskdef",
            "module.service_frontend.aws_service_discovery_service.service_discovery"
          ]
        }
      ]
    },
    {
      "module": "module.service_frontend",
      "mode": "managed",
      "type": "aws_ecr_repository",
      "name": "ecr-repo",
      "provider": "provider[\"registry.terraform.io/hashicorp/aws\"]",
      "instances": [
        {
          "schema_version": 0,
          "attributes": {
            "arn": "arn:aws:ecr:us-east-1:824563723839:repository/test-frontend",
            "encryption_configuration": [
              {
                "encryption_type": "AES256",
                "kms_key": ""
              }
            ],
            "id": "test-frontend",
            "image_scanning_configuration": [
              {
                "scan_on_push": false
              }
            ],
            "image_tag_mutability": "MUTABLE",
            "name": "test-frontend",
            "registry_id": "824563723839",
            "repository_url": "824563723839.dkr.ecr.us-east-1.amazonaws.com/test-frontend",
            "tags": {
              "Department": "Production",
              "Environment": "ECS-Infrastructure",
              "ManagedBy": "Terraform",
              "Name": "test-ecs",
              "Region": "us-east-1"
            },
            "tags_all": {
              "Department": "Production",
              "Environment": "ECS-Infrastructure",
              "ManagedBy": "Terraform",
              "Name": "test-ecs",
              "Region": "us-east-1"
            },
            "timeouts": null
          },
          "sensitive_attributes": [],
          "private": "eyJlMmJmYjczMC1lY2FhLTExZTYtOGY4OC0zNDM2M2JjN2M0YzAiOnsiZGVsZXRlIjoxMjAwMDAwMDAwMDAwfX0="
        }
      ]
    },
    {
      "module": "module.service_frontend",
      "mode": "managed",
      "type": "aws_ecs_service",
      "name": "ecsinfra-service",
      "provider": "provider[\"registry.terraform.io/hashicorp/aws\"]",
      "instances": [
        {
          "schema_version": 0,
          "attributes": {
            "capacity_provider_strategy": [],
            "cluster": "arn:aws:ecs:us-east-1:824563723839:cluster/test-cluster",
            "deployment_circuit_breaker": [],
            "deployment_controller": [
              {
                "type": "CODE_DEPLOY"
              }
            ],
            "deployment_maximum_percent": 200,
            "deployment_minimum_healthy_percent": 100,
            "desired_count": 1,
            "enable_ecs_managed_tags": false,
            "enable_execute_command": false,
            "force_new_deployment": null,
            "health_check_grace_period_seconds": 0,
            "iam_role": "aws-service-role",
            "id": "arn:aws:ecs:us-east-1:824563723839:service/test-cluster/frontend",
            "launch_type": "FARGATE",
            "load_balancer": [
              {
                "container_name": "frontend",
                "container_port": 80,
                "elb_name": "",
                "target_group_arn": "arn:aws:elasticloadbalancing:us-east-1:824563723839:targetgroup/test-frontend-tg-blue/1d7b9fbf68dffecf"
              }
            ],
            "name": "frontend",
            "network_configuration": [
              {
                "assign_public_ip": true,
                "security_groups": [
                  "sg-0a24d0f832ef67064"
                ],
                "subnets": [
                  "subnet-055dddfb182d54216",
                  "subnet-087ccf30db5ebb559"
                ]
              }
            ],
            "ordered_placement_strategy": [],
            "placement_constraints": [],
            "platform_version": "1.4.0",
            "propagate_tags": "NONE",
            "scheduling_strategy": "REPLICA",
            "service_registries": [
              {
                "container_name": "",
                "container_port": 0,
                "port": 0,
                "registry_arn": "arn:aws:servicediscovery:us-east-1:824563723839:service/srv-qrbl55yqsctrrzjk"
              }
            ],
            "tags": {
              "Department": "Production",
              "Environment": "ECS-Infrastructure",
              "ManagedBy": "Terraform",
              "Name": "test-ecs",
              "Region": "us-east-1"
            },
            "tags_all": {
              "Department": "Production",
              "Environment": "ECS-Infrastructure",
              "ManagedBy": "Terraform",
              "Name": "test-ecs",
              "Region": "us-east-1"
            },
            "task_definition": "arn:aws:ecs:us-east-1:824563723839:task-definition/test-frontend:6",
            "timeouts": null,
            "wait_for_steady_state": false
          },
          "sensitive_attributes": [],
          "private": "eyJlMmJmYjczMC1lY2FhLTExZTYtOGY4OC0zNDM2M2JjN2M0YzAiOnsiZGVsZXRlIjoxMjAwMDAwMDAwMDAwfX0=",
          "dependencies": [
            "module.base_infra.aws_ecs_cluster.ecsinfra-cluster",
            "module.base_infra.aws_iam_role.execution_role",
            "module.base_infra.aws_iam_role.task_role",
            "module.base_infra.aws_security_group.ecsinfra-alb_sg",
            "module.base_infra.aws_security_group.ecsinfra-ecs_sg",
            "module.base_infra.aws_service_discovery_private_dns_namespace.service_discovery_ns",
            "module.base_infra.aws_subnet.ecsinfra-private_subnet",
            "module.base_infra.aws_vpc.ecsinfra-vpc",
            "module.base_infra.data.aws_iam_policy_document.assume_by_ecs",
            "module.database_infra.aws_security_group.db-sg",
            "module.database_infra.aws_subnet.db-private_subnet",
            "module.database_infra.aws_vpc.db-vpc",
            "module.database_infra.data.aws_availability_zones.available",
            "module.service_backend.aws_service_discovery_service.service_discovery",
            "module.service_frontend.aws_alb_target_group.ecsinfra-tg-blue",
            "module.service_frontend.aws_cloudwatch_log_group.log-group",
            "module.service_frontend.aws_ecr_repository.ecr-repo",
            "module.service_frontend.aws_ecs_task_definition.ecs-taskdef",
            "module.service_frontend.aws_service_discovery_service.service_discovery"
          ]
        }
      ]
    },
    {
      "module": "module.service_frontend",
      "mode": "managed",
      "type": "aws_ecs_task_definition",
      "name": "ecs-taskdef",
      "provider": "provider[\"registry.terraform.io/hashicorp/aws\"]",
      "instances": [
        {
          "schema_version": 1,
          "attributes": {
            "arn": "arn:aws:ecs:us-east-1:824563723839:task-definition/test-frontend:6",
            "container_definitions": "[{\"cpu\":1024,\"environment\":[{\"name\":\"backend\",\"value\":\"backend.test-ecs\"}],\"essential\":true,\"image\":\"824563723839.dkr.ecr.us-east-1.amazonaws.com/test-frontend\",\"logConfiguration\":{\"logDriver\":\"awslogs\",\"options\":{\"awslogs-group\":\"test-frontend\",\"awslogs-region\":\"us-east-1\",\"awslogs-stream-prefix\":\"ecs-test\"}},\"memory\":2048,\"mountPoints\":[],\"name\":\"frontend\",\"portMappings\":[{\"containerPort\":80,\"hostPort\":80,\"protocol\":\"tcp\"}],\"volumesFrom\":[]}]",
            "cpu": "1024",
            "ephemeral_storage": [],
            "execution_role_arn": "arn:aws:iam::824563723839:role/test_ecsTaskExecutionRole",
            "family": "test-frontend",
            "id": "test-frontend",
            "inference_accelerator": [],
            "ipc_mode": "",
            "memory": "2048",
            "network_mode": "awsvpc",
            "pid_mode": "",
            "placement_constraints": [],
            "proxy_configuration": [],
            "requires_compatibilities": [
              "FARGATE"
            ],
            "revision": 6,
            "runtime_platform": [],
            "skip_destroy": false,
            "tags": {
              "Department": "Production",
              "Environment": "ECS-Infrastructure",
              "ManagedBy": "Terraform",
              "Name": "test-ecs",
              "Region": "us-east-1"
            },
            "tags_all": {
              "Department": "Production",
              "Environment": "ECS-Infrastructure",
              "ManagedBy": "Terraform",
              "Name": "test-ecs",
              "Region": "us-east-1"
            },
            "task_role_arn": "arn:aws:iam::824563723839:role/test_ecsTaskRole",
            "volume": []
          },
          "sensitive_attributes": [],
          "private": "eyJzY2hlbWFfdmVyc2lvbiI6IjEifQ==",
          "dependencies": [
            "module.base_infra.aws_iam_role.execution_role",
            "module.base_infra.aws_iam_role.task_role",
            "module.base_infra.aws_service_discovery_private_dns_namespace.service_discovery_ns",
            "module.base_infra.aws_vpc.ecsinfra-vpc",
            "module.base_infra.data.aws_iam_policy_document.assume_by_ecs",
            "module.database_infra.aws_vpc.db-vpc",
            "module.service_backend.aws_service_discovery_service.service_discovery",
            "module.service_frontend.aws_cloudwatch_log_group.log-group",
            "module.service_frontend.aws_ecr_repository.ecr-repo"
          ]
        }
      ]
    },
    {
      "module": "module.service_frontend",
      "mode": "managed",
      "type": "aws_service_discovery_service",
      "name": "service_discovery",
      "provider": "provider[\"registry.terraform.io/hashicorp/aws\"]",
      "instances": [
        {
          "schema_version": 0,
          "attributes": {
            "arn": "arn:aws:servicediscovery:us-east-1:824563723839:service/srv-qrbl55yqsctrrzjk",
            "description": "",
            "dns_config": [
              {
                "dns_records": [
                  {
                    "ttl": 10,
                    "type": "A"
                  }
                ],
                "namespace_id": "ns-jnmonzoamzqpr7th",
                "routing_policy": "MULTIVALUE"
              }
            ],
            "force_destroy": false,
            "health_check_config": [],
            "health_check_custom_config": [
              {
                "failure_threshold": 1
              }
            ],
            "id": "srv-qrbl55yqsctrrzjk",
            "name": "frontend",
            "namespace_id": "ns-jnmonzoamzqpr7th",
            "tags": {
              "Department": "Production",
              "Environment": "ECS-Infrastructure",
              "ManagedBy": "Terraform",
              "Name": "test-ecs",
              "Region": "us-east-1"
            },
            "tags_all": {
              "Department": "Production",
              "Environment": "ECS-Infrastructure",
              "ManagedBy": "Terraform",
              "Name": "test-ecs",
              "Region": "us-east-1"
            }
          },
          "sensitive_attributes": [],
          "private": "bnVsbA==",
          "dependencies": [
            "module.base_infra.aws_service_discovery_private_dns_namespace.service_discovery_ns",
            "module.base_infra.aws_vpc.ecsinfra-vpc",
            "module.database_infra.aws_vpc.db-vpc"
          ]
        }
      ]
    }
  ]
}
